<?xml version="1.0" encoding="UTF-8"?>
<!DOCTYPE plist PUBLIC "-//Apple//DTD PLIST 1.0//EN" "http://www.apple.com/DTDs/PropertyList-1.0.dtd">
<plist version="1.0">
<dict>
	<key>archiveVersion</key>
	<string>1</string>
	<key>classes</key>
	<dict/>
	<key>objectVersion</key>
	<string>46</string>
	<key>objects</key>
	<dict>
		<key>01B588A6BEDC8B9ED83297B0</key>
		<dict>
			<key>buildActionMask</key>
			<string>2147483647</string>
			<key>files</key>
			<array/>
			<key>inputPaths</key>
			<array/>
			<key>isa</key>
			<string>PBXShellScriptBuildPhase</string>
			<key>name</key>
			<string>&#128230; Copy Pods Resources</string>
			<key>outputPaths</key>
			<array/>
			<key>runOnlyForDeploymentPostprocessing</key>
			<string>0</string>
			<key>shellPath</key>
			<string>/bin/sh</string>
			<key>shellScript</key>
			<string>"${SRCROOT}/Pods/Target Support Files/Pods-GoyavaBetaUITests/Pods-GoyavaBetaUITests-resources.sh"
</string>
			<key>showEnvVarsInLog</key>
			<string>0</string>
		</dict>
		<key>07DBD2A4DD11FE4B50BAC75D</key>
		<dict>
			<key>children</key>
			<array>
				<string>DA5A4596EA279C86D3BF72D9</string>
				<string>D929844C4AD4AE6522954043</string>
				<string>331EA82744567F84BFBA72C8</string>
				<string>B87CCFE6C986D2677706BCE5</string>
				<string>F5C35C595FBAF04905F3349F</string>
			</array>
			<key>isa</key>
			<string>PBXGroup</string>
			<key>name</key>
			<string>Frameworks</string>
			<key>sourceTree</key>
			<string>&lt;group&gt;</string>
		</dict>
		<key>1B2DC3F62DCA386DC430364E</key>
		<dict>
			<key>includeInIndex</key>
			<string>1</string>
			<key>isa</key>
			<string>PBXFileReference</string>
			<key>lastKnownFileType</key>
			<string>text.xcconfig</string>
			<key>name</key>
			<string>Pods-GoyavaUITests.release.xcconfig</string>
			<key>path</key>
			<string>Pods/Target Support Files/Pods-GoyavaUITests/Pods-GoyavaUITests.release.xcconfig</string>
			<key>sourceTree</key>
			<string>&lt;group&gt;</string>
		</dict>
		<key>1C0884F01CB28E81006D9FB8</key>
		<dict>
			<key>fileRef</key>
			<string>B5DE7D6D1CB2038C009416A5</string>
			<key>isa</key>
			<string>PBXBuildFile</string>
		</dict>
		<key>1C26969D1C7215B300B140F0</key>
		<dict>
			<key>children</key>
			<array>
				<string>1C26969E1C7215B300B140F0</string>
			</array>
			<key>isa</key>
			<string>PBXGroup</string>
			<key>path</key>
			<string>CircularView</string>
			<key>sourceTree</key>
			<string>&lt;group&gt;</string>
		</dict>
		<key>1C26969E1C7215B300B140F0</key>
		<dict>
			<key>fileEncoding</key>
			<string>4</string>
			<key>isa</key>
			<string>PBXFileReference</string>
			<key>lastKnownFileType</key>
			<string>sourcecode.swift</string>
			<key>path</key>
			<string>CircleView.swift</string>
			<key>sourceTree</key>
			<string>&lt;group&gt;</string>
		</dict>
		<key>1C26969F1C7215B300B140F0</key>
		<dict>
			<key>fileRef</key>
			<string>1C26969E1C7215B300B140F0</string>
			<key>isa</key>
			<string>PBXBuildFile</string>
		</dict>
		<key>1C2696A01C7334EC00B140F0</key>
		<dict>
			<key>fileRef</key>
			<string>1C26969E1C7215B300B140F0</string>
			<key>isa</key>
			<string>PBXBuildFile</string>
		</dict>
		<key>1CA12C181CAE7A8300DFA0E3</key>
		<dict>
			<key>children</key>
			<array>
				<string>1CA12C191CAE7AA100DFA0E3</string>
				<string>B5DE7D721CB21177009416A5</string>
				<string>B5DE7D751CB21187009416A5</string>
			</array>
			<key>isa</key>
			<string>PBXGroup</string>
			<key>path</key>
			<string>Domain</string>
			<key>sourceTree</key>
			<string>&lt;group&gt;</string>
		</dict>
		<key>1CA12C191CAE7AA100DFA0E3</key>
		<dict>
			<key>fileEncoding</key>
			<string>4</string>
			<key>isa</key>
			<string>PBXFileReference</string>
			<key>lastKnownFileType</key>
			<string>sourcecode.swift</string>
			<key>path</key>
			<string>AuthenticationController.swift</string>
			<key>sourceTree</key>
			<string>&lt;group&gt;</string>
		</dict>
		<key>1CA12C1A1CAE7AA100DFA0E3</key>
		<dict>
			<key>fileRef</key>
			<string>1CA12C191CAE7AA100DFA0E3</string>
			<key>isa</key>
			<string>PBXBuildFile</string>
		</dict>
		<key>1CA12C1B1CAE7AA100DFA0E3</key>
		<dict>
			<key>fileRef</key>
			<string>1CA12C191CAE7AA100DFA0E3</string>
			<key>isa</key>
			<string>PBXBuildFile</string>
		</dict>
		<key>1CA12C1C1CAE833E00DFA0E3</key>
		<dict>
			<key>children</key>
			<array>
				<string>B5DE7D6D1CB2038C009416A5</string>
				<string>1CA12C1D1CAE835C00DFA0E3</string>
			</array>
			<key>isa</key>
			<string>PBXGroup</string>
			<key>path</key>
			<string>Utilities</string>
			<key>sourceTree</key>
			<string>&lt;group&gt;</string>
		</dict>
		<key>1CA12C1D1CAE835C00DFA0E3</key>
		<dict>
			<key>fileEncoding</key>
			<string>4</string>
			<key>isa</key>
			<string>PBXFileReference</string>
			<key>lastKnownFileType</key>
			<string>sourcecode.swift</string>
			<key>path</key>
			<string>UtilityManager.swift</string>
			<key>sourceTree</key>
			<string>&lt;group&gt;</string>
		</dict>
		<key>1CA12C1E1CAE835C00DFA0E3</key>
		<dict>
			<key>fileRef</key>
			<string>1CA12C1D1CAE835C00DFA0E3</string>
			<key>isa</key>
			<string>PBXBuildFile</string>
		</dict>
		<key>1CA12C1F1CAE835C00DFA0E3</key>
		<dict>
			<key>fileRef</key>
			<string>1CA12C1D1CAE835C00DFA0E3</string>
			<key>isa</key>
			<string>PBXBuildFile</string>
		</dict>
		<key>1E1842467AE889F09A348988</key>
		<dict>
			<key>fileRef</key>
			<string>B87CCFE6C986D2677706BCE5</string>
			<key>isa</key>
			<string>PBXBuildFile</string>
		</dict>
		<key>1E7B6869A9DE362316779D3A</key>
		<dict>
			<key>buildActionMask</key>
			<string>2147483647</string>
			<key>files</key>
			<array/>
			<key>inputPaths</key>
			<array/>
			<key>isa</key>
			<string>PBXShellScriptBuildPhase</string>
			<key>name</key>
			<string>Check Pods Manifest.lock</string>
			<key>outputPaths</key>
			<array/>
			<key>runOnlyForDeploymentPostprocessing</key>
			<string>0</string>
			<key>shellPath</key>
			<string>/bin/sh</string>
			<key>shellScript</key>
			<string>diff "${PODS_ROOT}/../Podfile.lock" "${PODS_ROOT}/Manifest.lock" &gt; /dev/null
if [[ $? != 0 ]] ; then
    cat &lt;&lt; EOM
error: The sandbox is not in sync with the Podfile.lock. Run 'pod install' or update your CocoaPods installation.
EOM
    exit 1
fi
</string>
			<key>showEnvVarsInLog</key>
			<string>0</string>
		</dict>
		<key>22354461F042F0CF3F82B81A</key>
		<dict>
			<key>buildActionMask</key>
			<string>2147483647</string>
			<key>files</key>
			<array/>
			<key>inputPaths</key>
			<array/>
			<key>isa</key>
			<string>PBXShellScriptBuildPhase</string>
			<key>name</key>
			<string>&#128230; Check Pods Manifest.lock</string>
			<key>outputPaths</key>
			<array/>
			<key>runOnlyForDeploymentPostprocessing</key>
			<string>0</string>
			<key>shellPath</key>
			<string>/bin/sh</string>
			<key>shellScript</key>
			<string>diff "${PODS_ROOT}/../Podfile.lock" "${PODS_ROOT}/Manifest.lock" &gt; /dev/null
if [[ $? != 0 ]] ; then
    cat &lt;&lt; EOM
error: The sandbox is not in sync with the Podfile.lock. Run 'pod install' or update your CocoaPods installation.
EOM
    exit 1
fi
</string>
			<key>showEnvVarsInLog</key>
			<string>0</string>
		</dict>
		<key>256C596A7BFD4C51B60BF83C</key>
		<dict>
			<key>includeInIndex</key>
			<string>1</string>
			<key>isa</key>
			<string>PBXFileReference</string>
			<key>lastKnownFileType</key>
			<string>text.xcconfig</string>
			<key>name</key>
			<string>Pods-Goyava-Beta.release.xcconfig</string>
			<key>path</key>
			<string>Pods/Target Support Files/Pods-Goyava-Beta/Pods-Goyava-Beta.release.xcconfig</string>
			<key>sourceTree</key>
			<string>&lt;group&gt;</string>
		</dict>
		<key>26E12723EE003AAA26BCA12C</key>
		<dict>
			<key>buildActionMask</key>
			<string>2147483647</string>
			<key>files</key>
			<array/>
			<key>inputPaths</key>
			<array/>
			<key>isa</key>
			<string>PBXShellScriptBuildPhase</string>
			<key>name</key>
			<string>Embed Pods Frameworks</string>
			<key>outputPaths</key>
			<array/>
			<key>runOnlyForDeploymentPostprocessing</key>
			<string>0</string>
			<key>shellPath</key>
			<string>/bin/sh</string>
			<key>shellScript</key>
			<string>"${SRCROOT}/Pods/Target Support Files/Pods/Pods-frameworks.sh"
</string>
			<key>showEnvVarsInLog</key>
			<string>0</string>
		</dict>
		<key>2FC9A24A3C8C156F5C6CEAF4</key>
		<dict>
			<key>buildActionMask</key>
			<string>2147483647</string>
			<key>files</key>
			<array/>
			<key>inputPaths</key>
			<array/>
			<key>isa</key>
			<string>PBXShellScriptBuildPhase</string>
			<key>name</key>
			<string>&#128230; Copy Pods Resources</string>
			<key>outputPaths</key>
			<array/>
			<key>runOnlyForDeploymentPostprocessing</key>
			<string>0</string>
			<key>shellPath</key>
			<string>/bin/sh</string>
			<key>shellScript</key>
			<string>"${SRCROOT}/Pods/Target Support Files/Pods-Goyava-Beta/Pods-Goyava-Beta-resources.sh"
</string>
			<key>showEnvVarsInLog</key>
			<string>0</string>
		</dict>
		<key>331EA82744567F84BFBA72C8</key>
		<dict>
			<key>explicitFileType</key>
			<string>wrapper.framework</string>
			<key>includeInIndex</key>
			<string>0</string>
			<key>isa</key>
			<string>PBXFileReference</string>
			<key>path</key>
			<string>Pods_Goyava_Beta.framework</string>
			<key>sourceTree</key>
			<string>BUILT_PRODUCTS_DIR</string>
		</dict>
		<key>389E4332111C3BDF16C4995D</key>
		<dict>
			<key>buildActionMask</key>
			<string>2147483647</string>
			<key>files</key>
			<array/>
			<key>inputPaths</key>
			<array/>
			<key>isa</key>
			<string>PBXShellScriptBuildPhase</string>
			<key>name</key>
			<string>&#128230; Check Pods Manifest.lock</string>
			<key>outputPaths</key>
			<array/>
			<key>runOnlyForDeploymentPostprocessing</key>
			<string>0</string>
			<key>shellPath</key>
			<string>/bin/sh</string>
			<key>shellScript</key>
			<string>diff "${PODS_ROOT}/../Podfile.lock" "${PODS_ROOT}/Manifest.lock" &gt; /dev/null
if [[ $? != 0 ]] ; then
    cat &lt;&lt; EOM
error: The sandbox is not in sync with the Podfile.lock. Run 'pod install' or update your CocoaPods installation.
EOM
    exit 1
fi
</string>
			<key>showEnvVarsInLog</key>
			<string>0</string>
		</dict>
		<key>5413D8FCDEE917474A976C84</key>
		<dict>
			<key>buildActionMask</key>
			<string>2147483647</string>
			<key>files</key>
			<array/>
			<key>inputPaths</key>
			<array/>
			<key>isa</key>
			<string>PBXShellScriptBuildPhase</string>
			<key>name</key>
			<string>&#128230; Copy Pods Resources</string>
			<key>outputPaths</key>
			<array/>
			<key>runOnlyForDeploymentPostprocessing</key>
			<string>0</string>
			<key>shellPath</key>
			<string>/bin/sh</string>
			<key>shellScript</key>
			<string>"${SRCROOT}/Pods/Target Support Files/Pods-Goyava/Pods-Goyava-resources.sh"
</string>
			<key>showEnvVarsInLog</key>
			<string>0</string>
		</dict>
		<key>5864AB5A01BE8A1F336A75B9</key>
		<dict>
			<key>includeInIndex</key>
			<string>1</string>
			<key>isa</key>
			<string>PBXFileReference</string>
			<key>lastKnownFileType</key>
			<string>text.xcconfig</string>
			<key>name</key>
			<string>Pods-GoyavaBetaUITests.debug.xcconfig</string>
			<key>path</key>
			<string>Pods/Target Support Files/Pods-GoyavaBetaUITests/Pods-GoyavaBetaUITests.debug.xcconfig</string>
			<key>sourceTree</key>
			<string>&lt;group&gt;</string>
		</dict>
		<key>5A517C58D03F5E8C4BDB6B7F</key>
		<dict>
			<key>includeInIndex</key>
			<string>1</string>
			<key>isa</key>
			<string>PBXFileReference</string>
			<key>lastKnownFileType</key>
			<string>text.xcconfig</string>
			<key>name</key>
			<string>Pods-Goyava.debug.xcconfig</string>
			<key>path</key>
			<string>Pods/Target Support Files/Pods-Goyava/Pods-Goyava.debug.xcconfig</string>
			<key>sourceTree</key>
			<string>&lt;group&gt;</string>
		</dict>
		<key>620159A41931807A331A3767</key>
		<dict>
			<key>fileRef</key>
			<string>D929844C4AD4AE6522954043</string>
			<key>isa</key>
			<string>PBXBuildFile</string>
		</dict>
		<key>746735634913DE0116063726</key>
		<dict>
			<key>includeInIndex</key>
			<string>1</string>
			<key>isa</key>
			<string>PBXFileReference</string>
			<key>lastKnownFileType</key>
			<string>text.xcconfig</string>
			<key>name</key>
			<string>Pods-Goyava-Beta.debug.xcconfig</string>
			<key>path</key>
			<string>Pods/Target Support Files/Pods-Goyava-Beta/Pods-Goyava-Beta.debug.xcconfig</string>
			<key>sourceTree</key>
			<string>&lt;group&gt;</string>
		</dict>
		<key>82B224E5EA81235DECB4A892</key>
		<dict>
			<key>children</key>
			<array>
				<string>5A517C58D03F5E8C4BDB6B7F</string>
				<string>F406FBD993F67C09A8AC71E4</string>
				<string>746735634913DE0116063726</string>
				<string>256C596A7BFD4C51B60BF83C</string>
				<string>5864AB5A01BE8A1F336A75B9</string>
				<string>AF6A417A6C8EA3016A05332E</string>
				<string>B0088F85650E97495DB65F7F</string>
				<string>1B2DC3F62DCA386DC430364E</string>
			</array>
			<key>isa</key>
			<string>PBXGroup</string>
			<key>name</key>
			<string>Pods</string>
			<key>sourceTree</key>
			<string>&lt;group&gt;</string>
		</dict>
		<key>84ACC637A274F5F44CDDAA2C</key>
		<dict>
			<key>buildActionMask</key>
			<string>2147483647</string>
			<key>files</key>
			<array/>
			<key>inputPaths</key>
			<array/>
			<key>isa</key>
			<string>PBXShellScriptBuildPhase</string>
			<key>name</key>
			<string>&#128230; Embed Pods Frameworks</string>
			<key>outputPaths</key>
			<array/>
			<key>runOnlyForDeploymentPostprocessing</key>
			<string>0</string>
			<key>shellPath</key>
			<string>/bin/sh</string>
			<key>shellScript</key>
			<string>"${SRCROOT}/Pods/Target Support Files/Pods-Goyava-Beta/Pods-Goyava-Beta-frameworks.sh"
</string>
			<key>showEnvVarsInLog</key>
			<string>0</string>
		</dict>
		<key>939592F8C1DF4976A19BAF0E</key>
		<dict>
			<key>fileRef</key>
			<string>331EA82744567F84BFBA72C8</string>
			<key>isa</key>
			<string>PBXBuildFile</string>
		</dict>
		<key>9EC3860CDB3E10AA017EAD1F</key>
		<dict>
			<key>fileRef</key>
			<string>DA5A4596EA279C86D3BF72D9</string>
			<key>isa</key>
			<string>PBXBuildFile</string>
		</dict>
		<key>AF6A417A6C8EA3016A05332E</key>
		<dict>
			<key>includeInIndex</key>
			<string>1</string>
			<key>isa</key>
			<string>PBXFileReference</string>
			<key>lastKnownFileType</key>
			<string>text.xcconfig</string>
			<key>name</key>
			<string>Pods-GoyavaBetaUITests.release.xcconfig</string>
			<key>path</key>
			<string>Pods/Target Support Files/Pods-GoyavaBetaUITests/Pods-GoyavaBetaUITests.release.xcconfig</string>
			<key>sourceTree</key>
			<string>&lt;group&gt;</string>
		</dict>
		<key>B0088F85650E97495DB65F7F</key>
		<dict>
			<key>includeInIndex</key>
			<string>1</string>
			<key>isa</key>
			<string>PBXFileReference</string>
			<key>lastKnownFileType</key>
			<string>text.xcconfig</string>
			<key>name</key>
			<string>Pods-GoyavaUITests.debug.xcconfig</string>
			<key>path</key>
			<string>Pods/Target Support Files/Pods-GoyavaUITests/Pods-GoyavaUITests.debug.xcconfig</string>
			<key>sourceTree</key>
			<string>&lt;group&gt;</string>
		</dict>
		<key>B53267C31C60632B008297CF</key>
		<dict>
			<key>children</key>
			<array>
				<string>B53267CE1C60632B008297CF</string>
				<string>B599F72A1C682BFF0013E89E</string>
				<string>B53267CD1C60632B008297CF</string>
				<string>07DBD2A4DD11FE4B50BAC75D</string>
				<string>82B224E5EA81235DECB4A892</string>
			</array>
			<key>isa</key>
			<string>PBXGroup</string>
			<key>sourceTree</key>
			<string>&lt;group&gt;</string>
		</dict>
		<key>B53267C41C60632B008297CF</key>
		<dict>
			<key>attributes</key>
			<dict>
				<key>LastSwiftMigration</key>
				<string>0730</string>
				<key>LastSwiftUpdateCheck</key>
				<string>0720</string>
				<key>LastUpgradeCheck</key>
				<string>0720</string>
				<key>ORGANIZATIONNAME</key>
				<string>LordAlexWorks</string>
				<key>TargetAttributes</key>
				<dict>
					<key>B53267CB1C60632B008297CF</key>
					<dict>
						<key>CreatedOnToolsVersion</key>
						<string>7.2</string>
						<key>DevelopmentTeam</key>
						<string>JY7SW47P2C</string>
					</dict>
					<key>B599F7281C682BFF0013E89E</key>
					<dict>
						<key>CreatedOnToolsVersion</key>
						<string>7.2</string>
						<key>TestTargetID</key>
						<string>B53267CB1C60632B008297CF</string>
					</dict>
					<key>B5D112DB1C6D7BEE00F66AB6</key>
					<dict>
						<key>TestTargetID</key>
						<string>B5FBEB521C6AD4EC006DCC12</string>
					</dict>
					<key>B5FBEB521C6AD4EC006DCC12</key>
					<dict>
						<key>DevelopmentTeam</key>
						<string>JY7SW47P2C</string>
					</dict>
				</dict>
			</dict>
			<key>buildConfigurationList</key>
			<string>B53267C71C60632B008297CF</string>
			<key>compatibilityVersion</key>
			<string>Xcode 3.2</string>
			<key>developmentRegion</key>
			<string>English</string>
			<key>hasScannedForEncodings</key>
			<string>0</string>
			<key>isa</key>
			<string>PBXProject</string>
			<key>knownRegions</key>
			<array>
				<string>en</string>
				<string>Base</string>
			</array>
			<key>mainGroup</key>
			<string>B53267C31C60632B008297CF</string>
			<key>productRefGroup</key>
			<string>B53267CD1C60632B008297CF</string>
			<key>projectDirPath</key>
			<string></string>
			<key>projectReferences</key>
			<array/>
			<key>projectRoot</key>
			<string></string>
			<key>targets</key>
			<array>
				<string>B53267CB1C60632B008297CF</string>
				<string>B5FBEB521C6AD4EC006DCC12</string>
				<string>B599F7281C682BFF0013E89E</string>
				<string>B5D112DB1C6D7BEE00F66AB6</string>
			</array>
		</dict>
		<key>B53267C71C60632B008297CF</key>
		<dict>
			<key>buildConfigurations</key>
			<array>
				<string>B53267DC1C60632B008297CF</string>
				<string>B53267DD1C60632B008297CF</string>
			</array>
			<key>defaultConfigurationIsVisible</key>
			<string>0</string>
			<key>defaultConfigurationName</key>
			<string>Release</string>
			<key>isa</key>
			<string>XCConfigurationList</string>
		</dict>
		<key>B53267C81C60632B008297CF</key>
		<dict>
			<key>buildActionMask</key>
			<string>2147483647</string>
			<key>files</key>
			<array>
				<string>B5ECEF1E1C72E80E00E5E098</string>
				<string>B53267F41C606D41008297CF</string>
				<string>B5FADFFF1C8D1A8700A5C7A4</string>
				<string>B5D112D31C6AFBE600F66AB6</string>
				<string>B5FADFFA1C8D1A6D00A5C7A4</string>
				<string>B5DE7D7F1CB36624009416A5</string>
				<string>B599F6CC1C65AC580013E89E</string>
				<string>B5DE7D791CB21CCB009416A5</string>
				<string>B5DE7D761CB21187009416A5</string>
				<string>B5FBEB781C6AE548006DCC12</string>
				<string>D3F5FC3B1C64DBD800861E2D</string>
				<string>1CA12C1E1CAE835C00DFA0E3</string>
				<string>B537DFDB1CBDF10B00FA854E</string>
				<string>1CA12C1A1CAE7AA100DFA0E3</string>
				<string>1C26969F1C7215B300B140F0</string>
				<string>B5ECEF181C7168A700E5E098</string>
				<string>B53267F21C606D2F008297CF</string>
				<string>B5DE7D7C1CB3660E009416A5</string>
				<string>B5DE7D6E1CB2038C009416A5</string>
				<string>B599F6CA1C65ABC30013E89E</string>
				<string>B53267ED1C606C78008297CF</string>
				<string>D3F326CB1C63C3990092427F</string>
				<string>B5ECEF1B1C7168C700E5E098</string>
				<string>B5FAE0021C8D1AA700A5C7A4</string>
				<string>B5787FA21CBF5AA1002268C8</string>
				<string>B5DE7D731CB21177009416A5</string>
				<string>B5DE7D701CB20B90009416A5</string>
			</array>
			<key>isa</key>
			<string>PBXSourcesBuildPhase</string>
			<key>runOnlyForDeploymentPostprocessing</key>
			<string>0</string>
		</dict>
		<key>B53267C91C60632B008297CF</key>
		<dict>
			<key>buildActionMask</key>
			<string>2147483647</string>
			<key>files</key>
			<array>
				<string>620159A41931807A331A3767</string>
				<string>9EC3860CDB3E10AA017EAD1F</string>
			</array>
			<key>isa</key>
			<string>PBXFrameworksBuildPhase</string>
			<key>runOnlyForDeploymentPostprocessing</key>
			<string>0</string>
		</dict>
		<key>B53267CA1C60632B008297CF</key>
		<dict>
			<key>buildActionMask</key>
			<string>2147483647</string>
			<key>files</key>
			<array>
				<string>B53267EE1C606C78008297CF</string>
				<string>B53267D71C60632B008297CF</string>
				<string>B53267EF1C606C78008297CF</string>
				<string>B5D112D51C6AFBE600F66AB6</string>
			</array>
			<key>isa</key>
			<string>PBXResourcesBuildPhase</string>
			<key>runOnlyForDeploymentPostprocessing</key>
			<string>0</string>
		</dict>
		<key>B53267CB1C60632B008297CF</key>
		<dict>
			<key>buildConfigurationList</key>
			<string>B53267DE1C60632B008297CF</string>
			<key>buildPhases</key>
			<array>
				<string>1E7B6869A9DE362316779D3A</string>
				<string>B6BD920521ED6466CC52DAFF</string>
				<string>B53267C81C60632B008297CF</string>
				<string>B53267C91C60632B008297CF</string>
				<string>B53267CA1C60632B008297CF</string>
				<string>E503E69562910024433E6043</string>
				<string>5413D8FCDEE917474A976C84</string>
				<string>BAAF4A9F1CC523F700E3A5E0</string>
				<string>26E12723EE003AAA26BCA12C</string>
				<string>F23E984EBC1EE3FD726454DE</string>
			</array>
			<key>buildRules</key>
			<array/>
			<key>dependencies</key>
			<array/>
			<key>isa</key>
			<string>PBXNativeTarget</string>
			<key>name</key>
			<string>Goyava</string>
			<key>productName</key>
			<string>Guava</string>
			<key>productReference</key>
			<string>B53267CC1C60632B008297CF</string>
			<key>productType</key>
			<string>com.apple.product-type.application</string>
		</dict>
		<key>B53267CC1C60632B008297CF</key>
		<dict>
			<key>explicitFileType</key>
			<string>wrapper.application</string>
			<key>includeInIndex</key>
			<string>0</string>
			<key>isa</key>
			<string>PBXFileReference</string>
			<key>path</key>
			<string>Goyava.app</string>
			<key>sourceTree</key>
			<string>BUILT_PRODUCTS_DIR</string>
		</dict>
		<key>B53267CD1C60632B008297CF</key>
		<dict>
			<key>children</key>
			<array>
				<string>B53267CC1C60632B008297CF</string>
				<string>B599F7291C682BFF0013E89E</string>
				<string>B5FBEB711C6AD4EC006DCC12</string>
				<string>B5D112E81C6D7BEE00F66AB6</string>
			</array>
			<key>isa</key>
			<string>PBXGroup</string>
			<key>name</key>
			<string>Products</string>
			<key>sourceTree</key>
			<string>&lt;group&gt;</string>
		</dict>
		<key>B53267CE1C60632B008297CF</key>
		<dict>
			<key>children</key>
			<array>
				<string>B53267D61C60632B008297CF</string>
				<string>B53267E11C606C78008297CF</string>
				<string>B53267E31C606C78008297CF</string>
				<string>D3F326B61C6397310092427F</string>
				<string>B599F6C71C65ABC30013E89E</string>
				<string>B53267E41C606C78008297CF</string>
				<string>B53267E61C606C78008297CF</string>
				<string>1CA12C1C1CAE833E00DFA0E3</string>
				<string>B53267E71C606C78008297CF</string>
			</array>
			<key>isa</key>
			<string>PBXGroup</string>
			<key>path</key>
			<string>Goyava</string>
			<key>sourceTree</key>
			<string>&lt;group&gt;</string>
		</dict>
		<key>B53267D61C60632B008297CF</key>
		<dict>
			<key>isa</key>
			<string>PBXFileReference</string>
			<key>lastKnownFileType</key>
			<string>folder.assetcatalog</string>
			<key>path</key>
			<string>Assets.xcassets</string>
			<key>sourceTree</key>
			<string>&lt;group&gt;</string>
		</dict>
		<key>B53267D71C60632B008297CF</key>
		<dict>
			<key>fileRef</key>
			<string>B53267D61C60632B008297CF</string>
			<key>isa</key>
			<string>PBXBuildFile</string>
		</dict>
		<key>B53267DC1C60632B008297CF</key>
		<dict>
			<key>buildSettings</key>
			<dict>
				<key>ALWAYS_SEARCH_USER_PATHS</key>
				<string>NO</string>
				<key>CLANG_CXX_LANGUAGE_STANDARD</key>
				<string>gnu++0x</string>
				<key>CLANG_CXX_LIBRARY</key>
				<string>libc++</string>
				<key>CLANG_ENABLE_MODULES</key>
				<string>YES</string>
				<key>CLANG_ENABLE_OBJC_ARC</key>
				<string>YES</string>
				<key>CLANG_WARN_BOOL_CONVERSION</key>
				<string>YES</string>
				<key>CLANG_WARN_CONSTANT_CONVERSION</key>
				<string>YES</string>
				<key>CLANG_WARN_DIRECT_OBJC_ISA_USAGE</key>
				<string>YES_ERROR</string>
				<key>CLANG_WARN_EMPTY_BODY</key>
				<string>YES</string>
				<key>CLANG_WARN_ENUM_CONVERSION</key>
				<string>YES</string>
				<key>CLANG_WARN_INT_CONVERSION</key>
				<string>YES</string>
				<key>CLANG_WARN_OBJC_ROOT_CLASS</key>
				<string>YES_ERROR</string>
				<key>CLANG_WARN_UNREACHABLE_CODE</key>
				<string>YES</string>
				<key>CLANG_WARN__DUPLICATE_METHOD_MATCH</key>
				<string>YES</string>
				<key>CODE_SIGN_IDENTITY[sdk=iphoneos*]</key>
				<string>iPhone Developer</string>
				<key>COPY_PHASE_STRIP</key>
				<string>NO</string>
				<key>DEBUG_INFORMATION_FORMAT</key>
				<string>dwarf</string>
				<key>ENABLE_STRICT_OBJC_MSGSEND</key>
				<string>YES</string>
				<key>ENABLE_TESTABILITY</key>
				<string>YES</string>
				<key>GCC_C_LANGUAGE_STANDARD</key>
				<string>gnu99</string>
				<key>GCC_DYNAMIC_NO_PIC</key>
				<string>NO</string>
				<key>GCC_NO_COMMON_BLOCKS</key>
				<string>YES</string>
				<key>GCC_OPTIMIZATION_LEVEL</key>
				<string>0</string>
				<key>GCC_PREPROCESSOR_DEFINITIONS</key>
				<array>
					<string>DEBUG=1</string>
					<string>$(inherited)</string>
				</array>
				<key>GCC_WARN_64_TO_32_BIT_CONVERSION</key>
				<string>YES</string>
				<key>GCC_WARN_ABOUT_RETURN_TYPE</key>
				<string>YES_ERROR</string>
				<key>GCC_WARN_UNDECLARED_SELECTOR</key>
				<string>YES</string>
				<key>GCC_WARN_UNINITIALIZED_AUTOS</key>
				<string>YES_AGGRESSIVE</string>
				<key>GCC_WARN_UNUSED_FUNCTION</key>
				<string>YES</string>
				<key>GCC_WARN_UNUSED_VARIABLE</key>
				<string>YES</string>
				<key>IPHONEOS_DEPLOYMENT_TARGET</key>
				<string>9.2</string>
				<key>MTL_ENABLE_DEBUG_INFO</key>
				<string>YES</string>
				<key>ONLY_ACTIVE_ARCH</key>
				<string>YES</string>
				<key>SDKROOT</key>
				<string>iphoneos</string>
				<key>SWIFT_OPTIMIZATION_LEVEL</key>
				<string>-Onone</string>
				<key>TARGETED_DEVICE_FAMILY</key>
				<string>1,2</string>
			</dict>
			<key>isa</key>
			<string>XCBuildConfiguration</string>
			<key>name</key>
			<string>Debug</string>
		</dict>
		<key>B53267DD1C60632B008297CF</key>
		<dict>
			<key>buildSettings</key>
			<dict>
				<key>ALWAYS_SEARCH_USER_PATHS</key>
				<string>NO</string>
				<key>CLANG_CXX_LANGUAGE_STANDARD</key>
				<string>gnu++0x</string>
				<key>CLANG_CXX_LIBRARY</key>
				<string>libc++</string>
				<key>CLANG_ENABLE_MODULES</key>
				<string>YES</string>
				<key>CLANG_ENABLE_OBJC_ARC</key>
				<string>YES</string>
				<key>CLANG_WARN_BOOL_CONVERSION</key>
				<string>YES</string>
				<key>CLANG_WARN_CONSTANT_CONVERSION</key>
				<string>YES</string>
				<key>CLANG_WARN_DIRECT_OBJC_ISA_USAGE</key>
				<string>YES_ERROR</string>
				<key>CLANG_WARN_EMPTY_BODY</key>
				<string>YES</string>
				<key>CLANG_WARN_ENUM_CONVERSION</key>
				<string>YES</string>
				<key>CLANG_WARN_INT_CONVERSION</key>
				<string>YES</string>
				<key>CLANG_WARN_OBJC_ROOT_CLASS</key>
				<string>YES_ERROR</string>
				<key>CLANG_WARN_UNREACHABLE_CODE</key>
				<string>YES</string>
				<key>CLANG_WARN__DUPLICATE_METHOD_MATCH</key>
				<string>YES</string>
				<key>CODE_SIGN_IDENTITY[sdk=iphoneos*]</key>
				<string>iPhone Developer</string>
				<key>COPY_PHASE_STRIP</key>
				<string>NO</string>
				<key>DEBUG_INFORMATION_FORMAT</key>
				<string>dwarf-with-dsym</string>
				<key>ENABLE_NS_ASSERTIONS</key>
				<string>NO</string>
				<key>ENABLE_STRICT_OBJC_MSGSEND</key>
				<string>YES</string>
				<key>GCC_C_LANGUAGE_STANDARD</key>
				<string>gnu99</string>
				<key>GCC_NO_COMMON_BLOCKS</key>
				<string>YES</string>
				<key>GCC_WARN_64_TO_32_BIT_CONVERSION</key>
				<string>YES</string>
				<key>GCC_WARN_ABOUT_RETURN_TYPE</key>
				<string>YES_ERROR</string>
				<key>GCC_WARN_UNDECLARED_SELECTOR</key>
				<string>YES</string>
				<key>GCC_WARN_UNINITIALIZED_AUTOS</key>
				<string>YES_AGGRESSIVE</string>
				<key>GCC_WARN_UNUSED_FUNCTION</key>
				<string>YES</string>
				<key>GCC_WARN_UNUSED_VARIABLE</key>
				<string>YES</string>
				<key>IPHONEOS_DEPLOYMENT_TARGET</key>
				<string>9.2</string>
				<key>MTL_ENABLE_DEBUG_INFO</key>
				<string>NO</string>
				<key>SDKROOT</key>
				<string>iphoneos</string>
				<key>TARGETED_DEVICE_FAMILY</key>
				<string>1,2</string>
				<key>VALIDATE_PRODUCT</key>
				<string>YES</string>
			</dict>
			<key>isa</key>
			<string>XCBuildConfiguration</string>
			<key>name</key>
			<string>Release</string>
		</dict>
		<key>B53267DE1C60632B008297CF</key>
		<dict>
			<key>buildConfigurations</key>
			<array>
				<string>B53267DF1C60632B008297CF</string>
				<string>B53267E01C60632B008297CF</string>
			</array>
			<key>defaultConfigurationIsVisible</key>
			<string>0</string>
			<key>defaultConfigurationName</key>
			<string>Release</string>
			<key>isa</key>
			<string>XCConfigurationList</string>
		</dict>
		<key>B53267DF1C60632B008297CF</key>
		<dict>
			<key>baseConfigurationReference</key>
			<string>5A517C58D03F5E8C4BDB6B7F</string>
			<key>buildSettings</key>
			<dict>
				<key>ASSETCATALOG_COMPILER_APPICON_NAME</key>
				<string>AppIcon</string>
				<key>CODE_SIGN_IDENTITY</key>
				<string>iPhone Developer</string>
				<key>CURRENT_PROJECT_VERSION</key>
				<string>2055</string>
				<key>DEBUG_INFORMATION_FORMAT</key>
				<string>dwarf-with-dsym</string>
				<key>INFOPLIST_FILE</key>
				<string>Goyava/Configurations/Goyava-info.plist</string>
				<key>LD_RUNPATH_SEARCH_PATHS</key>
				<string>$(inherited) @executable_path/Frameworks</string>
				<key>PRODUCT_BUNDLE_IDENTIFIER</key>
				<string>io.proactives.guava</string>
				<key>PRODUCT_NAME</key>
				<string>Goyava</string>
				<key>SWIFT_OBJC_BRIDGING_HEADER</key>
				<string></string>
				<key>TARGETED_DEVICE_FAMILY</key>
				<string>1</string>
				<key>VERSIONING_SYSTEM</key>
				<string>apple-generic</string>
			</dict>
			<key>isa</key>
			<string>XCBuildConfiguration</string>
			<key>name</key>
			<string>Debug</string>
		</dict>
		<key>B53267E01C60632B008297CF</key>
		<dict>
			<key>baseConfigurationReference</key>
			<string>F406FBD993F67C09A8AC71E4</string>
			<key>buildSettings</key>
			<dict>
				<key>ASSETCATALOG_COMPILER_APPICON_NAME</key>
				<string>AppIcon</string>
				<key>CODE_SIGN_IDENTITY</key>
				<string>iPhone Developer</string>
				<key>CURRENT_PROJECT_VERSION</key>
				<string>2055</string>
				<key>INFOPLIST_FILE</key>
				<string>Goyava/Configurations/Goyava-info.plist</string>
				<key>LD_RUNPATH_SEARCH_PATHS</key>
				<string>$(inherited) @executable_path/Frameworks</string>
				<key>PRODUCT_BUNDLE_IDENTIFIER</key>
				<string>io.proactives.guava</string>
				<key>PRODUCT_NAME</key>
				<string>Goyava</string>
				<key>SWIFT_OBJC_BRIDGING_HEADER</key>
				<string></string>
				<key>TARGETED_DEVICE_FAMILY</key>
				<string>1</string>
				<key>VERSIONING_SYSTEM</key>
				<string>apple-generic</string>
			</dict>
			<key>isa</key>
			<string>XCBuildConfiguration</string>
			<key>name</key>
			<string>Release</string>
		</dict>
		<key>B53267E11C606C78008297CF</key>
		<dict>
			<key>children</key>
			<array>
				<string>B5FBEB731C6AD553006DCC12</string>
				<string>B5FBEB741C6AD553006DCC12</string>
			</array>
			<key>isa</key>
			<string>PBXGroup</string>
			<key>path</key>
			<string>Configurations</string>
			<key>sourceTree</key>
			<string>&lt;group&gt;</string>
		</dict>
		<key>B53267E31C606C78008297CF</key>
		<dict>
			<key>children</key>
			<array>
				<string>1CA12C181CAE7A8300DFA0E3</string>
				<string>B5FADFFC1C8D1A7B00A5C7A4</string>
				<string>B53267F01C606CBE008297CF</string>
			</array>
			<key>isa</key>
			<string>PBXGroup</string>
			<key>path</key>
			<string>Controller</string>
			<key>sourceTree</key>
			<string>&lt;group&gt;</string>
		</dict>
		<key>B53267E41C606C78008297CF</key>
		<dict>
			<key>children</key>
			<array>
				<string>B53267E51C606C78008297CF</string>
				<string>B5FADFF91C8D1A6D00A5C7A4</string>
				<string>B5CD069A1CC5C7310042BB78</string>
			</array>
			<key>isa</key>
			<string>PBXGroup</string>
			<key>path</key>
			<string>Main</string>
			<key>sourceTree</key>
			<string>&lt;group&gt;</string>
		</dict>
		<key>B53267E51C606C78008297CF</key>
		<dict>
			<key>fileEncoding</key>
			<string>4</string>
			<key>isa</key>
			<string>PBXFileReference</string>
			<key>lastKnownFileType</key>
			<string>sourcecode.swift</string>
			<key>path</key>
			<string>AppDelegate.swift</string>
			<key>sourceTree</key>
			<string>&lt;group&gt;</string>
		</dict>
		<key>B53267E61C606C78008297CF</key>
		<dict>
			<key>children</key>
			<array>
				<string>B53267F31C606D41008297CF</string>
				<string>B5DE7D781CB21CCB009416A5</string>
				<string>B5DE7D6F1CB20B90009416A5</string>
				<string>B5DE7D7B1CB3660E009416A5</string>
				<string>B5DE7D7E1CB36624009416A5</string>
			</array>
			<key>isa</key>
			<string>PBXGroup</string>
			<key>path</key>
			<string>Model</string>
			<key>sourceTree</key>
			<string>&lt;group&gt;</string>
		</dict>
		<key>B53267E71C606C78008297CF</key>
		<dict>
			<key>children</key>
			<array>
				<string>D3DDC2CE1C621C490093EBEA</string>
				<string>D3DDC2CD1C621C360093EBEA</string>
			</array>
			<key>isa</key>
			<string>PBXGroup</string>
			<key>path</key>
			<string>View</string>
			<key>sourceTree</key>
			<string>&lt;group&gt;</string>
		</dict>
		<key>B53267E81C606C78008297CF</key>
		<dict>
			<key>children</key>
			<array>
				<string>B53267E91C606C78008297CF</string>
			</array>
			<key>isa</key>
			<string>PBXVariantGroup</string>
			<key>name</key>
			<string>LaunchScreen.storyboard</string>
			<key>sourceTree</key>
			<string>&lt;group&gt;</string>
		</dict>
		<key>B53267E91C606C78008297CF</key>
		<dict>
			<key>isa</key>
			<string>PBXFileReference</string>
			<key>lastKnownFileType</key>
			<string>file.storyboard</string>
			<key>name</key>
			<string>Base</string>
			<key>path</key>
			<string>Base.lproj/LaunchScreen.storyboard</string>
			<key>sourceTree</key>
			<string>&lt;group&gt;</string>
		</dict>
		<key>B53267EA1C606C78008297CF</key>
		<dict>
			<key>children</key>
			<array>
				<string>B53267EB1C606C78008297CF</string>
			</array>
			<key>isa</key>
			<string>PBXVariantGroup</string>
			<key>name</key>
			<string>Main.storyboard</string>
			<key>sourceTree</key>
			<string>&lt;group&gt;</string>
		</dict>
		<key>B53267EB1C606C78008297CF</key>
		<dict>
			<key>isa</key>
			<string>PBXFileReference</string>
			<key>lastKnownFileType</key>
			<string>file.storyboard</string>
			<key>name</key>
			<string>Base</string>
			<key>path</key>
			<string>Base.lproj/Main.storyboard</string>
			<key>sourceTree</key>
			<string>&lt;group&gt;</string>
		</dict>
		<key>B53267ED1C606C78008297CF</key>
		<dict>
			<key>fileRef</key>
			<string>B53267E51C606C78008297CF</string>
			<key>isa</key>
			<string>PBXBuildFile</string>
		</dict>
		<key>B53267EE1C606C78008297CF</key>
		<dict>
			<key>fileRef</key>
			<string>B53267E81C606C78008297CF</string>
			<key>isa</key>
			<string>PBXBuildFile</string>
		</dict>
		<key>B53267EF1C606C78008297CF</key>
		<dict>
			<key>fileRef</key>
			<string>B53267EA1C606C78008297CF</string>
			<key>isa</key>
			<string>PBXBuildFile</string>
		</dict>
		<key>B53267F01C606CBE008297CF</key>
		<dict>
			<key>children</key>
			<array>
				<string>B53267F11C606D2F008297CF</string>
				<string>D3F5FC3A1C64DBD800861E2D</string>
				<string>B599F6CB1C65AC580013E89E</string>
				<string>B5FBEB771C6AE548006DCC12</string>
				<string>B5ECEF1D1C72E80E00E5E098</string>
				<string>B5ECEF171C7168A700E5E098</string>
				<string>B5ECEF1A1C7168C700E5E098</string>
			</array>
			<key>isa</key>
			<string>PBXGroup</string>
			<key>path</key>
			<string>ViewController</string>
			<key>sourceTree</key>
			<string>&lt;group&gt;</string>
		</dict>
		<key>B53267F11C606D2F008297CF</key>
		<dict>
			<key>fileEncoding</key>
			<string>4</string>
			<key>isa</key>
			<string>PBXFileReference</string>
			<key>lastKnownFileType</key>
			<string>sourcecode.swift</string>
			<key>path</key>
			<string>LoginVC.swift</string>
			<key>sourceTree</key>
			<string>&lt;group&gt;</string>
		</dict>
		<key>B53267F21C606D2F008297CF</key>
		<dict>
			<key>fileRef</key>
			<string>B53267F11C606D2F008297CF</string>
			<key>isa</key>
			<string>PBXBuildFile</string>
		</dict>
		<key>B53267F31C606D41008297CF</key>
		<dict>
			<key>fileEncoding</key>
			<string>4</string>
			<key>isa</key>
			<string>PBXFileReference</string>
			<key>lastKnownFileType</key>
			<string>sourcecode.swift</string>
			<key>path</key>
			<string>Session.swift</string>
			<key>sourceTree</key>
			<string>&lt;group&gt;</string>
		</dict>
		<key>B53267F41C606D41008297CF</key>
		<dict>
			<key>fileRef</key>
			<string>B53267F31C606D41008297CF</string>
			<key>isa</key>
			<string>PBXBuildFile</string>
		</dict>
		<key>B537DFD91CBDF0F300FA854E</key>
		<dict>
			<key>children</key>
			<array>
				<string>B537DFDA1CBDF10B00FA854E</string>
			</array>
			<key>isa</key>
			<string>PBXGroup</string>
			<key>path</key>
			<string>ImageLoader</string>
			<key>sourceTree</key>
			<string>&lt;group&gt;</string>
		</dict>
		<key>B537DFDA1CBDF10B00FA854E</key>
		<dict>
			<key>fileEncoding</key>
			<string>4</string>
			<key>isa</key>
			<string>PBXFileReference</string>
			<key>lastKnownFileType</key>
			<string>sourcecode.swift</string>
			<key>path</key>
			<string>ImageLoader.swift</string>
			<key>sourceTree</key>
			<string>&lt;group&gt;</string>
		</dict>
		<key>B537DFDB1CBDF10B00FA854E</key>
		<dict>
			<key>fileRef</key>
			<string>B537DFDA1CBDF10B00FA854E</string>
			<key>isa</key>
			<string>PBXBuildFile</string>
		</dict>
		<key>B537DFDC1CBDF10B00FA854E</key>
		<dict>
			<key>fileRef</key>
			<string>B537DFDA1CBDF10B00FA854E</string>
			<key>isa</key>
			<string>PBXBuildFile</string>
		</dict>
		<key>B5787FA11CBF5AA1002268C8</key>
		<dict>
			<key>fileEncoding</key>
			<string>4</string>
			<key>isa</key>
			<string>PBXFileReference</string>
			<key>lastKnownFileType</key>
			<string>sourcecode.swift</string>
			<key>name</key>
			<string>NSDateExtension.swift</string>
			<key>path</key>
			<string>Extensions/NSDateExtension.swift</string>
			<key>sourceTree</key>
			<string>&lt;group&gt;</string>
		</dict>
		<key>B5787FA21CBF5AA1002268C8</key>
		<dict>
			<key>fileRef</key>
			<string>B5787FA11CBF5AA1002268C8</string>
			<key>isa</key>
			<string>PBXBuildFile</string>
		</dict>
		<key>B5787FA31CBF5AA1002268C8</key>
		<dict>
			<key>fileRef</key>
			<string>B5787FA11CBF5AA1002268C8</string>
			<key>isa</key>
			<string>PBXBuildFile</string>
		</dict>
		<key>B599F6C71C65ABC30013E89E</key>
		<dict>
			<key>children</key>
			<array>
				<string>B537DFD91CBDF0F300FA854E</string>
				<string>B5FADFFD1C8D1A8700A5C7A4</string>
				<string>1C26969D1C7215B300B140F0</string>
				<string>B599F6C81C65ABC30013E89E</string>
			</array>
			<key>isa</key>
			<string>PBXGroup</string>
			<key>path</key>
			<string>External</string>
			<key>sourceTree</key>
			<string>&lt;group&gt;</string>
		</dict>
		<key>B599F6C81C65ABC30013E89E</key>
		<dict>
			<key>children</key>
			<array>
				<string>B599F6C91C65ABC30013E89E</string>
			</array>
			<key>isa</key>
			<string>PBXGroup</string>
			<key>path</key>
			<string>QRScanner</string>
			<key>sourceTree</key>
			<string>&lt;group&gt;</string>
		</dict>
		<key>B599F6C91C65ABC30013E89E</key>
		<dict>
			<key>fileEncoding</key>
			<string>4</string>
			<key>isa</key>
			<string>PBXFileReference</string>
			<key>lastKnownFileType</key>
			<string>sourcecode.swift</string>
			<key>path</key>
			<string>SSQRScanner.swift</string>
			<key>sourceTree</key>
			<string>&lt;group&gt;</string>
		</dict>
		<key>B599F6CA1C65ABC30013E89E</key>
		<dict>
			<key>fileRef</key>
			<string>B599F6C91C65ABC30013E89E</string>
			<key>isa</key>
			<string>PBXBuildFile</string>
		</dict>
		<key>B599F6CB1C65AC580013E89E</key>
		<dict>
			<key>fileEncoding</key>
			<string>4</string>
			<key>isa</key>
			<string>PBXFileReference</string>
			<key>lastKnownFileType</key>
			<string>sourcecode.swift</string>
			<key>path</key>
			<string>QRScannerVC.swift</string>
			<key>sourceTree</key>
			<string>&lt;group&gt;</string>
		</dict>
		<key>B599F6CC1C65AC580013E89E</key>
		<dict>
			<key>fileRef</key>
			<string>B599F6CB1C65AC580013E89E</string>
			<key>isa</key>
			<string>PBXBuildFile</string>
		</dict>
		<key>B599F7251C682BFF0013E89E</key>
		<dict>
			<key>buildActionMask</key>
			<string>2147483647</string>
			<key>files</key>
			<array>
				<string>B599F72C1C682C000013E89E</string>
				<string>B599F7341C682DBF0013E89E</string>
			</array>
			<key>isa</key>
			<string>PBXSourcesBuildPhase</string>
			<key>runOnlyForDeploymentPostprocessing</key>
			<string>0</string>
		</dict>
		<key>B599F7261C682BFF0013E89E</key>
		<dict>
			<key>buildActionMask</key>
			<string>2147483647</string>
			<key>files</key>
			<array>
				<string>F79175CA533D0E466CDC3CCF</string>
			</array>
			<key>isa</key>
			<string>PBXFrameworksBuildPhase</string>
			<key>runOnlyForDeploymentPostprocessing</key>
			<string>0</string>
		</dict>
		<key>B599F7271C682BFF0013E89E</key>
		<dict>
			<key>buildActionMask</key>
			<string>2147483647</string>
			<key>files</key>
			<array>
				<string>B5D112EB1C6D7C4100F66AB6</string>
			</array>
			<key>isa</key>
			<string>PBXResourcesBuildPhase</string>
			<key>runOnlyForDeploymentPostprocessing</key>
			<string>0</string>
		</dict>
		<key>B599F7281C682BFF0013E89E</key>
		<dict>
			<key>buildConfigurationList</key>
			<string>B599F7321C682C000013E89E</string>
			<key>buildPhases</key>
			<array>
				<string>BC9CC186826D6ECD9674D037</string>
				<string>B599F7251C682BFF0013E89E</string>
				<string>B599F7261C682BFF0013E89E</string>
				<string>B599F7271C682BFF0013E89E</string>
				<string>BEFCEFC4E84AF90D6792944D</string>
			</array>
			<key>buildRules</key>
			<array/>
			<key>dependencies</key>
			<array>
				<string>B599F72F1C682C000013E89E</string>
				<string>B5D112DA1C6D7BE000F66AB6</string>
			</array>
			<key>isa</key>
			<string>PBXNativeTarget</string>
			<key>name</key>
			<string>GoyavaUITests</string>
			<key>productName</key>
			<string>GuavaUITests</string>
			<key>productReference</key>
			<string>B599F7291C682BFF0013E89E</string>
			<key>productType</key>
			<string>com.apple.product-type.bundle.ui-testing</string>
		</dict>
		<key>B599F7291C682BFF0013E89E</key>
		<dict>
			<key>explicitFileType</key>
			<string>wrapper.cfbundle</string>
			<key>includeInIndex</key>
			<string>0</string>
			<key>isa</key>
			<string>PBXFileReference</string>
			<key>path</key>
			<string>Goyava.xctest</string>
			<key>sourceTree</key>
			<string>BUILT_PRODUCTS_DIR</string>
		</dict>
		<key>B599F72A1C682BFF0013E89E</key>
		<dict>
			<key>children</key>
			<array>
				<string>B5D112EA1C6D7C4100F66AB6</string>
				<string>B599F72B1C682C000013E89E</string>
				<string>B599F72D1C682C000013E89E</string>
				<string>B599F7331C682DBF0013E89E</string>
			</array>
			<key>isa</key>
			<string>PBXGroup</string>
			<key>path</key>
			<string>GuavaUITests</string>
			<key>sourceTree</key>
			<string>&lt;group&gt;</string>
		</dict>
		<key>B599F72B1C682C000013E89E</key>
		<dict>
			<key>isa</key>
			<string>PBXFileReference</string>
			<key>lastKnownFileType</key>
			<string>sourcecode.swift</string>
			<key>path</key>
			<string>GuavaUITests.swift</string>
			<key>sourceTree</key>
			<string>&lt;group&gt;</string>
		</dict>
		<key>B599F72C1C682C000013E89E</key>
		<dict>
			<key>fileRef</key>
			<string>B599F72B1C682C000013E89E</string>
			<key>isa</key>
			<string>PBXBuildFile</string>
		</dict>
		<key>B599F72D1C682C000013E89E</key>
		<dict>
			<key>isa</key>
			<string>PBXFileReference</string>
			<key>lastKnownFileType</key>
			<string>text.plist.xml</string>
			<key>path</key>
			<string>Info.plist</string>
			<key>sourceTree</key>
			<string>&lt;group&gt;</string>
		</dict>
		<key>B599F72E1C682C000013E89E</key>
		<dict>
			<key>containerPortal</key>
			<string>B53267C41C60632B008297CF</string>
			<key>isa</key>
			<string>PBXContainerItemProxy</string>
			<key>proxyType</key>
			<string>1</string>
			<key>remoteGlobalIDString</key>
			<string>B53267CB1C60632B008297CF</string>
			<key>remoteInfo</key>
			<string>Guava</string>
		</dict>
		<key>B599F72F1C682C000013E89E</key>
		<dict>
			<key>isa</key>
			<string>PBXTargetDependency</string>
			<key>target</key>
			<string>B53267CB1C60632B008297CF</string>
			<key>targetProxy</key>
			<string>B599F72E1C682C000013E89E</string>
		</dict>
		<key>B599F7301C682C000013E89E</key>
		<dict>
			<key>baseConfigurationReference</key>
			<string>B0088F85650E97495DB65F7F</string>
			<key>buildSettings</key>
			<dict>
				<key>INFOPLIST_FILE</key>
				<string>GuavaUITests/Info.plist</string>
				<key>LD_RUNPATH_SEARCH_PATHS</key>
				<string>$(inherited) @executable_path/Frameworks @loader_path/Frameworks</string>
				<key>PRODUCT_BUNDLE_IDENTIFIER</key>
				<string>com.app.GuavaUITests</string>
				<key>PRODUCT_NAME</key>
				<string>Goyava</string>
				<key>TEST_TARGET_NAME</key>
				<string>Guava</string>
				<key>USES_XCTRUNNER</key>
				<string>YES</string>
			</dict>
			<key>isa</key>
			<string>XCBuildConfiguration</string>
			<key>name</key>
			<string>Debug</string>
		</dict>
		<key>B599F7311C682C000013E89E</key>
		<dict>
			<key>baseConfigurationReference</key>
			<string>1B2DC3F62DCA386DC430364E</string>
			<key>buildSettings</key>
			<dict>
				<key>INFOPLIST_FILE</key>
				<string>GuavaUITests/Info.plist</string>
				<key>LD_RUNPATH_SEARCH_PATHS</key>
				<string>$(inherited) @executable_path/Frameworks @loader_path/Frameworks</string>
				<key>PRODUCT_BUNDLE_IDENTIFIER</key>
				<string>com.app.GuavaUITests</string>
				<key>PRODUCT_NAME</key>
				<string>Goyava</string>
				<key>TEST_TARGET_NAME</key>
				<string>Guava</string>
				<key>USES_XCTRUNNER</key>
				<string>YES</string>
			</dict>
			<key>isa</key>
			<string>XCBuildConfiguration</string>
			<key>name</key>
			<string>Release</string>
		</dict>
		<key>B599F7321C682C000013E89E</key>
		<dict>
			<key>buildConfigurations</key>
			<array>
				<string>B599F7301C682C000013E89E</string>
				<string>B599F7311C682C000013E89E</string>
			</array>
			<key>defaultConfigurationIsVisible</key>
			<string>0</string>
			<key>defaultConfigurationName</key>
			<string>Release</string>
			<key>isa</key>
			<string>XCConfigurationList</string>
		</dict>
		<key>B599F7331C682DBF0013E89E</key>
		<dict>
			<key>fileEncoding</key>
			<string>4</string>
			<key>isa</key>
			<string>PBXFileReference</string>
			<key>lastKnownFileType</key>
			<string>sourcecode.swift</string>
			<key>path</key>
			<string>SnapshotHelper.swift</string>
			<key>sourceTree</key>
			<string>&lt;group&gt;</string>
		</dict>
		<key>B599F7341C682DBF0013E89E</key>
		<dict>
			<key>fileRef</key>
			<string>B599F7331C682DBF0013E89E</string>
			<key>isa</key>
			<string>PBXBuildFile</string>
		</dict>
		<key>B5CD069A1CC5C7310042BB78</key>
		<dict>
			<key>fileEncoding</key>
			<string>4</string>
			<key>isa</key>
			<string>PBXFileReference</string>
			<key>lastKnownFileType</key>
			<string>sourcecode.c.h</string>
			<key>path</key>
			<string>Guava-Bridging-Header.h</string>
			<key>sourceTree</key>
			<string>&lt;group&gt;</string>
		</dict>
		<key>B5D112D11C6AFBE600F66AB6</key>
		<dict>
			<key>fileEncoding</key>
			<string>4</string>
			<key>isa</key>
			<string>PBXFileReference</string>
			<key>lastKnownFileType</key>
			<string>sourcecode.swift</string>
			<key>name</key>
			<string>MyCard.swift</string>
			<key>path</key>
			<string>CustomCell/MyCard.swift</string>
			<key>sourceTree</key>
			<string>&lt;group&gt;</string>
		</dict>
		<key>B5D112D21C6AFBE600F66AB6</key>
		<dict>
			<key>fileEncoding</key>
			<string>4</string>
			<key>isa</key>
			<string>PBXFileReference</string>
			<key>lastKnownFileType</key>
			<string>file.xib</string>
			<key>name</key>
			<string>MyCard.xib</string>
			<key>path</key>
			<string>CustomCell/MyCard.xib</string>
			<key>sourceTree</key>
			<string>&lt;group&gt;</string>
		</dict>
		<key>B5D112D31C6AFBE600F66AB6</key>
		<dict>
			<key>fileRef</key>
			<string>B5D112D11C6AFBE600F66AB6</string>
			<key>isa</key>
			<string>PBXBuildFile</string>
		</dict>
		<key>B5D112D41C6AFBE600F66AB6</key>
		<dict>
			<key>fileRef</key>
			<string>B5D112D11C6AFBE600F66AB6</string>
			<key>isa</key>
			<string>PBXBuildFile</string>
		</dict>
		<key>B5D112D51C6AFBE600F66AB6</key>
		<dict>
			<key>fileRef</key>
			<string>B5D112D21C6AFBE600F66AB6</string>
			<key>isa</key>
			<string>PBXBuildFile</string>
		</dict>
		<key>B5D112D61C6AFBE600F66AB6</key>
		<dict>
			<key>fileRef</key>
			<string>B5D112D21C6AFBE600F66AB6</string>
			<key>isa</key>
			<string>PBXBuildFile</string>
		</dict>
		<key>B5D112D91C6D7BE000F66AB6</key>
		<dict>
			<key>containerPortal</key>
			<string>B53267C41C60632B008297CF</string>
			<key>isa</key>
			<string>PBXContainerItemProxy</string>
			<key>proxyType</key>
			<string>1</string>
			<key>remoteGlobalIDString</key>
			<string>B5FBEB521C6AD4EC006DCC12</string>
			<key>remoteInfo</key>
			<string>Guava-Beta</string>
		</dict>
		<key>B5D112DA1C6D7BE000F66AB6</key>
		<dict>
			<key>isa</key>
			<string>PBXTargetDependency</string>
			<key>target</key>
			<string>B5FBEB521C6AD4EC006DCC12</string>
			<key>targetProxy</key>
			<string>B5D112D91C6D7BE000F66AB6</string>
		</dict>
		<key>B5D112DB1C6D7BEE00F66AB6</key>
		<dict>
			<key>buildConfigurationList</key>
			<string>B5D112E51C6D7BEE00F66AB6</string>
			<key>buildPhases</key>
			<array>
				<string>22354461F042F0CF3F82B81A</string>
				<string>B5D112E01C6D7BEE00F66AB6</string>
				<string>B5D112E31C6D7BEE00F66AB6</string>
				<string>B5D112E41C6D7BEE00F66AB6</string>
				<string>01B588A6BEDC8B9ED83297B0</string>
			</array>
			<key>buildRules</key>
			<array/>
			<key>dependencies</key>
			<array>
				<string>B5D112DC1C6D7BEE00F66AB6</string>
				<string>B5D112DE1C6D7BEE00F66AB6</string>
			</array>
			<key>isa</key>
			<string>PBXNativeTarget</string>
			<key>name</key>
			<string>GoyavaBetaUITests</string>
			<key>productName</key>
			<string>GuavaUITests</string>
			<key>productReference</key>
			<string>B5D112E81C6D7BEE00F66AB6</string>
			<key>productType</key>
			<string>com.apple.product-type.bundle.ui-testing</string>
		</dict>
		<key>B5D112DC1C6D7BEE00F66AB6</key>
		<dict>
			<key>isa</key>
			<string>PBXTargetDependency</string>
			<key>target</key>
			<string>B53267CB1C60632B008297CF</string>
			<key>targetProxy</key>
			<string>B5D112DD1C6D7BEE00F66AB6</string>
		</dict>
		<key>B5D112DD1C6D7BEE00F66AB6</key>
		<dict>
			<key>containerPortal</key>
			<string>B53267C41C60632B008297CF</string>
			<key>isa</key>
			<string>PBXContainerItemProxy</string>
			<key>proxyType</key>
			<string>1</string>
			<key>remoteGlobalIDString</key>
			<string>B53267CB1C60632B008297CF</string>
			<key>remoteInfo</key>
			<string>Guava</string>
		</dict>
		<key>B5D112DE1C6D7BEE00F66AB6</key>
		<dict>
			<key>isa</key>
			<string>PBXTargetDependency</string>
			<key>target</key>
			<string>B5FBEB521C6AD4EC006DCC12</string>
			<key>targetProxy</key>
			<string>B5D112DF1C6D7BEE00F66AB6</string>
		</dict>
		<key>B5D112DF1C6D7BEE00F66AB6</key>
		<dict>
			<key>containerPortal</key>
			<string>B53267C41C60632B008297CF</string>
			<key>isa</key>
			<string>PBXContainerItemProxy</string>
			<key>proxyType</key>
			<string>1</string>
			<key>remoteGlobalIDString</key>
			<string>B5FBEB521C6AD4EC006DCC12</string>
			<key>remoteInfo</key>
			<string>Guava-Beta</string>
		</dict>
		<key>B5D112E01C6D7BEE00F66AB6</key>
		<dict>
			<key>buildActionMask</key>
			<string>2147483647</string>
			<key>files</key>
			<array>
				<string>B5D112E11C6D7BEE00F66AB6</string>
				<string>B5D112E21C6D7BEE00F66AB6</string>
			</array>
			<key>isa</key>
			<string>PBXSourcesBuildPhase</string>
			<key>runOnlyForDeploymentPostprocessing</key>
			<string>0</string>
		</dict>
		<key>B5D112E11C6D7BEE00F66AB6</key>
		<dict>
			<key>fileRef</key>
			<string>B599F72B1C682C000013E89E</string>
			<key>isa</key>
			<string>PBXBuildFile</string>
		</dict>
		<key>B5D112E21C6D7BEE00F66AB6</key>
		<dict>
			<key>fileRef</key>
			<string>B599F7331C682DBF0013E89E</string>
			<key>isa</key>
			<string>PBXBuildFile</string>
		</dict>
		<key>B5D112E31C6D7BEE00F66AB6</key>
		<dict>
			<key>buildActionMask</key>
			<string>2147483647</string>
			<key>files</key>
			<array>
				<string>1E1842467AE889F09A348988</string>
			</array>
			<key>isa</key>
			<string>PBXFrameworksBuildPhase</string>
			<key>runOnlyForDeploymentPostprocessing</key>
			<string>0</string>
		</dict>
		<key>B5D112E41C6D7BEE00F66AB6</key>
		<dict>
			<key>buildActionMask</key>
			<string>2147483647</string>
			<key>files</key>
			<array/>
			<key>isa</key>
			<string>PBXResourcesBuildPhase</string>
			<key>runOnlyForDeploymentPostprocessing</key>
			<string>0</string>
		</dict>
		<key>B5D112E51C6D7BEE00F66AB6</key>
		<dict>
			<key>buildConfigurations</key>
			<array>
				<string>B5D112E61C6D7BEE00F66AB6</string>
				<string>B5D112E71C6D7BEE00F66AB6</string>
			</array>
			<key>defaultConfigurationIsVisible</key>
			<string>0</string>
			<key>defaultConfigurationName</key>
			<string>Release</string>
			<key>isa</key>
			<string>XCConfigurationList</string>
		</dict>
		<key>B5D112E61C6D7BEE00F66AB6</key>
		<dict>
			<key>baseConfigurationReference</key>
			<string>5864AB5A01BE8A1F336A75B9</string>
			<key>buildSettings</key>
			<dict>
				<key>INFOPLIST_FILE</key>
				<string>GuavaUITests/GoyavaBetaUITests-Info.plist</string>
				<key>LD_RUNPATH_SEARCH_PATHS</key>
				<string>$(inherited) @executable_path/Frameworks @loader_path/Frameworks</string>
				<key>PRODUCT_BUNDLE_IDENTIFIER</key>
				<string>com.app.GuavaUITests</string>
				<key>PRODUCT_NAME</key>
				<string>Goyava</string>
				<key>TEST_TARGET_NAME</key>
				<string>Guava-Beta</string>
				<key>USES_XCTRUNNER</key>
				<string>YES</string>
			</dict>
			<key>isa</key>
			<string>XCBuildConfiguration</string>
			<key>name</key>
			<string>Debug</string>
		</dict>
		<key>B5D112E71C6D7BEE00F66AB6</key>
		<dict>
			<key>baseConfigurationReference</key>
			<string>AF6A417A6C8EA3016A05332E</string>
			<key>buildSettings</key>
			<dict>
				<key>INFOPLIST_FILE</key>
				<string>GuavaUITests/GoyavaBetaUITests-Info.plist</string>
				<key>LD_RUNPATH_SEARCH_PATHS</key>
				<string>$(inherited) @executable_path/Frameworks @loader_path/Frameworks</string>
				<key>PRODUCT_BUNDLE_IDENTIFIER</key>
				<string>com.app.GuavaUITests</string>
				<key>PRODUCT_NAME</key>
				<string>Goyava</string>
				<key>TEST_TARGET_NAME</key>
				<string>Guava-Beta</string>
				<key>USES_XCTRUNNER</key>
				<string>YES</string>
			</dict>
			<key>isa</key>
			<string>XCBuildConfiguration</string>
			<key>name</key>
			<string>Release</string>
		</dict>
		<key>B5D112E81C6D7BEE00F66AB6</key>
		<dict>
			<key>explicitFileType</key>
			<string>wrapper.cfbundle</string>
			<key>includeInIndex</key>
			<string>0</string>
			<key>isa</key>
			<string>PBXFileReference</string>
			<key>path</key>
			<string>Goyava.xctest</string>
			<key>sourceTree</key>
			<string>BUILT_PRODUCTS_DIR</string>
		</dict>
		<key>B5D112EA1C6D7C4100F66AB6</key>
		<dict>
			<key>fileEncoding</key>
			<string>4</string>
			<key>isa</key>
			<string>PBXFileReference</string>
			<key>lastKnownFileType</key>
			<string>text.plist.xml</string>
			<key>path</key>
			<string>GoyavaBetaUITests-Info.plist</string>
			<key>sourceTree</key>
			<string>&lt;group&gt;</string>
		</dict>
		<key>B5D112EB1C6D7C4100F66AB6</key>
		<dict>
			<key>fileRef</key>
			<string>B5D112EA1C6D7C4100F66AB6</string>
			<key>isa</key>
			<string>PBXBuildFile</string>
		</dict>
		<key>B5DE7D6D1CB2038C009416A5</key>
		<dict>
			<key>fileEncoding</key>
			<string>4</string>
			<key>isa</key>
			<string>PBXFileReference</string>
			<key>lastKnownFileType</key>
			<string>sourcecode.swift</string>
			<key>path</key>
			<string>Loader.swift</string>
			<key>sourceTree</key>
			<string>&lt;group&gt;</string>
		</dict>
		<key>B5DE7D6E1CB2038C009416A5</key>
		<dict>
			<key>fileRef</key>
			<string>B5DE7D6D1CB2038C009416A5</string>
			<key>isa</key>
			<string>PBXBuildFile</string>
		</dict>
		<key>B5DE7D6F1CB20B90009416A5</key>
		<dict>
			<key>fileEncoding</key>
			<string>4</string>
			<key>isa</key>
			<string>PBXFileReference</string>
			<key>lastKnownFileType</key>
			<string>sourcecode.swift</string>
			<key>path</key>
			<string>User.swift</string>
			<key>sourceTree</key>
			<string>&lt;group&gt;</string>
		</dict>
		<key>B5DE7D701CB20B90009416A5</key>
		<dict>
			<key>fileRef</key>
			<string>B5DE7D6F1CB20B90009416A5</string>
			<key>isa</key>
			<string>PBXBuildFile</string>
		</dict>
		<key>B5DE7D711CB20B90009416A5</key>
		<dict>
			<key>fileRef</key>
			<string>B5DE7D6F1CB20B90009416A5</string>
			<key>isa</key>
			<string>PBXBuildFile</string>
		</dict>
		<key>B5DE7D721CB21177009416A5</key>
		<dict>
			<key>fileEncoding</key>
			<string>4</string>
			<key>isa</key>
			<string>PBXFileReference</string>
			<key>lastKnownFileType</key>
			<string>sourcecode.swift</string>
			<key>path</key>
			<string>ActivitiesController.swift</string>
			<key>sourceTree</key>
			<string>&lt;group&gt;</string>
		</dict>
		<key>B5DE7D731CB21177009416A5</key>
		<dict>
			<key>fileRef</key>
			<string>B5DE7D721CB21177009416A5</string>
			<key>isa</key>
			<string>PBXBuildFile</string>
		</dict>
		<key>B5DE7D741CB21177009416A5</key>
		<dict>
			<key>fileRef</key>
			<string>B5DE7D721CB21177009416A5</string>
			<key>isa</key>
			<string>PBXBuildFile</string>
		</dict>
		<key>B5DE7D751CB21187009416A5</key>
		<dict>
			<key>fileEncoding</key>
			<string>4</string>
			<key>isa</key>
			<string>PBXFileReference</string>
			<key>lastKnownFileType</key>
			<string>sourcecode.swift</string>
			<key>path</key>
			<string>CardsController.swift</string>
			<key>sourceTree</key>
			<string>&lt;group&gt;</string>
		</dict>
		<key>B5DE7D761CB21187009416A5</key>
		<dict>
			<key>fileRef</key>
			<string>B5DE7D751CB21187009416A5</string>
			<key>isa</key>
			<string>PBXBuildFile</string>
		</dict>
		<key>B5DE7D771CB21187009416A5</key>
		<dict>
			<key>fileRef</key>
			<string>B5DE7D751CB21187009416A5</string>
			<key>isa</key>
			<string>PBXBuildFile</string>
		</dict>
		<key>B5DE7D781CB21CCB009416A5</key>
		<dict>
			<key>fileEncoding</key>
			<string>4</string>
			<key>isa</key>
			<string>PBXFileReference</string>
			<key>lastKnownFileType</key>
			<string>sourcecode.swift</string>
			<key>path</key>
			<string>Card.swift</string>
			<key>sourceTree</key>
			<string>&lt;group&gt;</string>
		</dict>
		<key>B5DE7D791CB21CCB009416A5</key>
		<dict>
			<key>fileRef</key>
			<string>B5DE7D781CB21CCB009416A5</string>
			<key>isa</key>
			<string>PBXBuildFile</string>
		</dict>
		<key>B5DE7D7A1CB21CCB009416A5</key>
		<dict>
			<key>fileRef</key>
			<string>B5DE7D781CB21CCB009416A5</string>
			<key>isa</key>
			<string>PBXBuildFile</string>
		</dict>
		<key>B5DE7D7B1CB3660E009416A5</key>
		<dict>
			<key>fileEncoding</key>
			<string>4</string>
			<key>isa</key>
			<string>PBXFileReference</string>
			<key>lastKnownFileType</key>
			<string>sourcecode.swift</string>
			<key>path</key>
			<string>Shop.swift</string>
			<key>sourceTree</key>
			<string>&lt;group&gt;</string>
		</dict>
		<key>B5DE7D7C1CB3660E009416A5</key>
		<dict>
			<key>fileRef</key>
			<string>B5DE7D7B1CB3660E009416A5</string>
			<key>isa</key>
			<string>PBXBuildFile</string>
		</dict>
		<key>B5DE7D7D1CB3660E009416A5</key>
		<dict>
			<key>fileRef</key>
			<string>B5DE7D7B1CB3660E009416A5</string>
			<key>isa</key>
			<string>PBXBuildFile</string>
		</dict>
		<key>B5DE7D7E1CB36624009416A5</key>
		<dict>
			<key>fileEncoding</key>
			<string>4</string>
			<key>isa</key>
			<string>PBXFileReference</string>
			<key>lastKnownFileType</key>
			<string>sourcecode.swift</string>
			<key>path</key>
			<string>Activity.swift</string>
			<key>sourceTree</key>
			<string>&lt;group&gt;</string>
		</dict>
		<key>B5DE7D7F1CB36624009416A5</key>
		<dict>
			<key>fileRef</key>
			<string>B5DE7D7E1CB36624009416A5</string>
			<key>isa</key>
			<string>PBXBuildFile</string>
		</dict>
		<key>B5DE7D801CB36624009416A5</key>
		<dict>
			<key>fileRef</key>
			<string>B5DE7D7E1CB36624009416A5</string>
			<key>isa</key>
			<string>PBXBuildFile</string>
		</dict>
		<key>B5ECEF171C7168A700E5E098</key>
		<dict>
			<key>fileEncoding</key>
			<string>4</string>
			<key>isa</key>
			<string>PBXFileReference</string>
			<key>lastKnownFileType</key>
			<string>sourcecode.swift</string>
			<key>path</key>
			<string>MainVC.swift</string>
			<key>sourceTree</key>
			<string>&lt;group&gt;</string>
		</dict>
		<key>B5ECEF181C7168A700E5E098</key>
		<dict>
			<key>fileRef</key>
			<string>B5ECEF171C7168A700E5E098</string>
			<key>isa</key>
			<string>PBXBuildFile</string>
		</dict>
		<key>B5ECEF191C7168A700E5E098</key>
		<dict>
			<key>fileRef</key>
			<string>B5ECEF171C7168A700E5E098</string>
			<key>isa</key>
			<string>PBXBuildFile</string>
		</dict>
		<key>B5ECEF1A1C7168C700E5E098</key>
		<dict>
			<key>fileEncoding</key>
			<string>4</string>
			<key>isa</key>
			<string>PBXFileReference</string>
			<key>lastKnownFileType</key>
			<string>sourcecode.swift</string>
			<key>path</key>
			<string>MainContentVC.swift</string>
			<key>sourceTree</key>
			<string>&lt;group&gt;</string>
		</dict>
		<key>B5ECEF1B1C7168C700E5E098</key>
		<dict>
			<key>fileRef</key>
			<string>B5ECEF1A1C7168C700E5E098</string>
			<key>isa</key>
			<string>PBXBuildFile</string>
		</dict>
		<key>B5ECEF1C1C7168C700E5E098</key>
		<dict>
			<key>fileRef</key>
			<string>B5ECEF1A1C7168C700E5E098</string>
			<key>isa</key>
			<string>PBXBuildFile</string>
		</dict>
		<key>B5ECEF1D1C72E80E00E5E098</key>
		<dict>
			<key>fileEncoding</key>
			<string>4</string>
			<key>isa</key>
			<string>PBXFileReference</string>
			<key>lastKnownFileType</key>
			<string>sourcecode.swift</string>
			<key>path</key>
			<string>MyCardContentVC.swift</string>
			<key>sourceTree</key>
			<string>&lt;group&gt;</string>
		</dict>
		<key>B5ECEF1E1C72E80E00E5E098</key>
		<dict>
			<key>fileRef</key>
			<string>B5ECEF1D1C72E80E00E5E098</string>
			<key>isa</key>
			<string>PBXBuildFile</string>
		</dict>
		<key>B5ECEF1F1C72E80E00E5E098</key>
		<dict>
			<key>fileRef</key>
			<string>B5ECEF1D1C72E80E00E5E098</string>
			<key>isa</key>
			<string>PBXBuildFile</string>
		</dict>
		<key>B5FADFF91C8D1A6D00A5C7A4</key>
		<dict>
			<key>fileEncoding</key>
			<string>4</string>
			<key>isa</key>
			<string>PBXFileReference</string>
			<key>lastKnownFileType</key>
			<string>sourcecode.swift</string>
			<key>path</key>
			<string>AppConstants.swift</string>
			<key>sourceTree</key>
			<string>&lt;group&gt;</string>
		</dict>
		<key>B5FADFFA1C8D1A6D00A5C7A4</key>
		<dict>
			<key>fileRef</key>
			<string>B5FADFF91C8D1A6D00A5C7A4</string>
			<key>isa</key>
			<string>PBXBuildFile</string>
		</dict>
		<key>B5FADFFB1C8D1A6D00A5C7A4</key>
		<dict>
			<key>fileRef</key>
			<string>B5FADFF91C8D1A6D00A5C7A4</string>
			<key>isa</key>
			<string>PBXBuildFile</string>
		</dict>
		<key>B5FADFFC1C8D1A7B00A5C7A4</key>
		<dict>
			<key>children</key>
			<array>
				<string>B5FAE0011C8D1AA700A5C7A4</string>
			</array>
			<key>isa</key>
			<string>PBXGroup</string>
			<key>path</key>
			<string>Services</string>
			<key>sourceTree</key>
			<string>&lt;group&gt;</string>
		</dict>
		<key>B5FADFFD1C8D1A8700A5C7A4</key>
		<dict>
			<key>children</key>
			<array>
				<string>B5FADFFE1C8D1A8700A5C7A4</string>
			</array>
			<key>isa</key>
			<string>PBXGroup</string>
			<key>path</key>
			<string>Networking</string>
			<key>sourceTree</key>
			<string>&lt;group&gt;</string>
		</dict>
		<key>B5FADFFE1C8D1A8700A5C7A4</key>
		<dict>
			<key>fileEncoding</key>
			<string>4</string>
			<key>isa</key>
			<string>PBXFileReference</string>
			<key>lastKnownFileType</key>
			<string>sourcecode.swift</string>
			<key>path</key>
			<string>SSHTTPClient.swift</string>
			<key>sourceTree</key>
			<string>&lt;group&gt;</string>
		</dict>
		<key>B5FADFFF1C8D1A8700A5C7A4</key>
		<dict>
			<key>fileRef</key>
			<string>B5FADFFE1C8D1A8700A5C7A4</string>
			<key>isa</key>
			<string>PBXBuildFile</string>
		</dict>
		<key>B5FAE0001C8D1A8700A5C7A4</key>
		<dict>
			<key>fileRef</key>
			<string>B5FADFFE1C8D1A8700A5C7A4</string>
			<key>isa</key>
			<string>PBXBuildFile</string>
		</dict>
		<key>B5FAE0011C8D1AA700A5C7A4</key>
		<dict>
			<key>fileEncoding</key>
			<string>4</string>
			<key>isa</key>
			<string>PBXFileReference</string>
			<key>lastKnownFileType</key>
			<string>sourcecode.swift</string>
			<key>path</key>
			<string>AppServices.swift</string>
			<key>sourceTree</key>
			<string>&lt;group&gt;</string>
		</dict>
		<key>B5FAE0021C8D1AA700A5C7A4</key>
		<dict>
			<key>fileRef</key>
			<string>B5FAE0011C8D1AA700A5C7A4</string>
			<key>isa</key>
			<string>PBXBuildFile</string>
		</dict>
		<key>B5FAE0031C8D1AA700A5C7A4</key>
		<dict>
			<key>fileRef</key>
			<string>B5FAE0011C8D1AA700A5C7A4</string>
			<key>isa</key>
			<string>PBXBuildFile</string>
		</dict>
		<key>B5FBEB521C6AD4EC006DCC12</key>
		<dict>
			<key>buildConfigurationList</key>
			<string>B5FBEB6E1C6AD4EC006DCC12</string>
			<key>buildPhases</key>
			<array>
				<string>389E4332111C3BDF16C4995D</string>
				<string>B5FBEB531C6AD4EC006DCC12</string>
				<string>B5FBEB631C6AD4EC006DCC12</string>
				<string>B5FBEB641C6AD4EC006DCC12</string>
				<string>84ACC637A274F5F44CDDAA2C</string>
				<string>2FC9A24A3C8C156F5C6CEAF4</string>
				<string>BAE633BD1CC5333500BE0374</string>
				<string>DBA2E735A6D548BB99BC43C9</string>
			</array>
			<key>buildRules</key>
			<array/>
			<key>dependencies</key>
			<array/>
			<key>isa</key>
			<string>PBXNativeTarget</string>
			<key>name</key>
			<string>Goyava-Beta</string>
			<key>productName</key>
			<string>Guava</string>
			<key>productReference</key>
			<string>B5FBEB711C6AD4EC006DCC12</string>
			<key>productType</key>
			<string>com.apple.product-type.application</string>
		</dict>
		<key>B5FBEB531C6AD4EC006DCC12</key>
		<dict>
			<key>buildActionMask</key>
			<string>2147483647</string>
			<key>files</key>
			<array>
				<string>B5FBEB561C6AD4EC006DCC12</string>
				<string>B5DE7D771CB21187009416A5</string>
				<string>B5FAE0001C8D1A8700A5C7A4</string>
				<string>B5D112D41C6AFBE600F66AB6</string>
				<string>B5DE7D741CB21177009416A5</string>
				<string>B5DE7D801CB36624009416A5</string>
				<string>B5FBEB591C6AD4EC006DCC12</string>
				<string>B5FADFFB1C8D1A6D00A5C7A4</string>
				<string>B5FBEB791C6AE548006DCC12</string>
				<string>B5FBEB5A1C6AD4EC006DCC12</string>
				<string>B5DE7D711CB20B90009416A5</string>
				<string>B5ECEF1F1C72E80E00E5E098</string>
				<string>B537DFDC1CBDF10B00FA854E</string>
				<string>1CA12C1F1CAE835C00DFA0E3</string>
				<string>1CA12C1B1CAE7AA100DFA0E3</string>
				<string>1C0884F01CB28E81006D9FB8</string>
				<string>B5ECEF191C7168A700E5E098</string>
				<string>B5DE7D7D1CB3660E009416A5</string>
				<string>B5FBEB5D1C6AD4EC006DCC12</string>
				<string>B5FBEB5E1C6AD4EC006DCC12</string>
				<string>B5FBEB5F1C6AD4EC006DCC12</string>
				<string>B5DE7D7A1CB21CCB009416A5</string>
				<string>B5FBEB601C6AD4EC006DCC12</string>
				<string>1C2696A01C7334EC00B140F0</string>
				<string>B5787FA31CBF5AA1002268C8</string>
				<string>B5ECEF1C1C7168C700E5E098</string>
				<string>B5FAE0031C8D1AA700A5C7A4</string>
			</array>
			<key>isa</key>
			<string>PBXSourcesBuildPhase</string>
			<key>runOnlyForDeploymentPostprocessing</key>
			<string>0</string>
		</dict>
		<key>B5FBEB561C6AD4EC006DCC12</key>
		<dict>
			<key>fileRef</key>
			<string>B53267F31C606D41008297CF</string>
			<key>isa</key>
			<string>PBXBuildFile</string>
		</dict>
		<key>B5FBEB591C6AD4EC006DCC12</key>
		<dict>
			<key>fileRef</key>
			<string>B599F6CB1C65AC580013E89E</string>
			<key>isa</key>
			<string>PBXBuildFile</string>
		</dict>
		<key>B5FBEB5A1C6AD4EC006DCC12</key>
		<dict>
			<key>fileRef</key>
			<string>D3F5FC3A1C64DBD800861E2D</string>
			<key>isa</key>
			<string>PBXBuildFile</string>
		</dict>
		<key>B5FBEB5D1C6AD4EC006DCC12</key>
		<dict>
			<key>fileRef</key>
			<string>B53267F11C606D2F008297CF</string>
			<key>isa</key>
			<string>PBXBuildFile</string>
		</dict>
		<key>B5FBEB5E1C6AD4EC006DCC12</key>
		<dict>
			<key>fileRef</key>
			<string>B599F6C91C65ABC30013E89E</string>
			<key>isa</key>
			<string>PBXBuildFile</string>
		</dict>
		<key>B5FBEB5F1C6AD4EC006DCC12</key>
		<dict>
			<key>fileRef</key>
			<string>B53267E51C606C78008297CF</string>
			<key>isa</key>
			<string>PBXBuildFile</string>
		</dict>
		<key>B5FBEB601C6AD4EC006DCC12</key>
		<dict>
			<key>fileRef</key>
			<string>D3F326CA1C63C3990092427F</string>
			<key>isa</key>
			<string>PBXBuildFile</string>
		</dict>
		<key>B5FBEB631C6AD4EC006DCC12</key>
		<dict>
			<key>buildActionMask</key>
			<string>2147483647</string>
			<key>files</key>
			<array>
				<string>939592F8C1DF4976A19BAF0E</string>
			</array>
			<key>isa</key>
			<string>PBXFrameworksBuildPhase</string>
			<key>runOnlyForDeploymentPostprocessing</key>
			<string>0</string>
		</dict>
		<key>B5FBEB641C6AD4EC006DCC12</key>
		<dict>
			<key>buildActionMask</key>
			<string>2147483647</string>
			<key>files</key>
			<array>
				<string>B5FBEB651C6AD4EC006DCC12</string>
				<string>B5FBEB681C6AD4EC006DCC12</string>
				<string>B5FBEB691C6AD4EC006DCC12</string>
				<string>B5D112D61C6AFBE600F66AB6</string>
			</array>
			<key>isa</key>
			<string>PBXResourcesBuildPhase</string>
			<key>runOnlyForDeploymentPostprocessing</key>
			<string>0</string>
		</dict>
		<key>B5FBEB651C6AD4EC006DCC12</key>
		<dict>
			<key>fileRef</key>
			<string>B53267E81C606C78008297CF</string>
			<key>isa</key>
			<string>PBXBuildFile</string>
		</dict>
		<key>B5FBEB681C6AD4EC006DCC12</key>
		<dict>
			<key>fileRef</key>
			<string>B53267D61C60632B008297CF</string>
			<key>isa</key>
			<string>PBXBuildFile</string>
		</dict>
		<key>B5FBEB691C6AD4EC006DCC12</key>
		<dict>
			<key>fileRef</key>
			<string>B53267EA1C606C78008297CF</string>
			<key>isa</key>
			<string>PBXBuildFile</string>
		</dict>
		<key>B5FBEB6E1C6AD4EC006DCC12</key>
		<dict>
			<key>buildConfigurations</key>
			<array>
				<string>B5FBEB6F1C6AD4EC006DCC12</string>
				<string>B5FBEB701C6AD4EC006DCC12</string>
			</array>
			<key>defaultConfigurationIsVisible</key>
			<string>0</string>
			<key>defaultConfigurationName</key>
			<string>Release</string>
			<key>isa</key>
			<string>XCConfigurationList</string>
		</dict>
		<key>B5FBEB6F1C6AD4EC006DCC12</key>
		<dict>
			<key>baseConfigurationReference</key>
			<string>746735634913DE0116063726</string>
			<key>buildSettings</key>
			<dict>
				<key>ASSETCATALOG_COMPILER_APPICON_NAME</key>
				<string>AppIconBeta</string>
				<key>CLANG_OPTIMIZATION_PROFILE_FILE</key>
				<string>/OptimizationProfiles/$(PROJECT_NAME).profdata</string>
				<key>CODE_SIGN_IDENTITY</key>
				<string>iPhone Developer</string>
				<key>CURRENT_PROJECT_VERSION</key>
				<string>2055</string>
				<key>DEBUG_INFORMATION_FORMAT</key>
				<string>dwarf-with-dsym</string>
				<key>INFOPLIST_FILE</key>
				<string>Goyava/Configurations/Goyava-Beta-info.plist</string>
				<key>LD_RUNPATH_SEARCH_PATHS</key>
				<string>$(inherited) @executable_path/Frameworks</string>
				<key>PRODUCT_BUNDLE_IDENTIFIER</key>
				<string>io.proactives.guava-beta</string>
				<key>PRODUCT_NAME</key>
				<string>Goyava</string>
				<key>SWIFT_OBJC_BRIDGING_HEADER</key>
				<string>Goyava/Main/Guava-Bridging-Header.h</string>
				<key>TARGETED_DEVICE_FAMILY</key>
				<string>1</string>
				<key>VERSIONING_SYSTEM</key>
				<string>apple-generic</string>
			</dict>
			<key>isa</key>
			<string>XCBuildConfiguration</string>
			<key>name</key>
			<string>Debug</string>
		</dict>
		<key>B5FBEB701C6AD4EC006DCC12</key>
		<dict>
			<key>baseConfigurationReference</key>
			<string>256C596A7BFD4C51B60BF83C</string>
			<key>buildSettings</key>
			<dict>
				<key>ASSETCATALOG_COMPILER_APPICON_NAME</key>
				<string>AppIconBeta</string>
				<key>CLANG_OPTIMIZATION_PROFILE_FILE</key>
				<string>/OptimizationProfiles/$(PROJECT_NAME).profdata</string>
				<key>CODE_SIGN_IDENTITY</key>
				<string>iPhone Developer</string>
				<key>CURRENT_PROJECT_VERSION</key>
				<string>2055</string>
				<key>INFOPLIST_FILE</key>
				<string>Goyava/Configurations/Goyava-Beta-info.plist</string>
				<key>LD_RUNPATH_SEARCH_PATHS</key>
				<string>$(inherited) @executable_path/Frameworks</string>
				<key>PRODUCT_BUNDLE_IDENTIFIER</key>
				<string>io.proactives.guava-beta</string>
				<key>PRODUCT_NAME</key>
				<string>Goyava</string>
				<key>SWIFT_OBJC_BRIDGING_HEADER</key>
				<string>Goyava/Main/Guava-Bridging-Header.h</string>
				<key>TARGETED_DEVICE_FAMILY</key>
				<string>1</string>
				<key>VERSIONING_SYSTEM</key>
				<string>apple-generic</string>
			</dict>
			<key>isa</key>
			<string>XCBuildConfiguration</string>
			<key>name</key>
			<string>Release</string>
		</dict>
		<key>B5FBEB711C6AD4EC006DCC12</key>
		<dict>
			<key>explicitFileType</key>
			<string>wrapper.application</string>
			<key>includeInIndex</key>
			<string>0</string>
			<key>isa</key>
			<string>PBXFileReference</string>
			<key>path</key>
			<string>Goyava.app</string>
			<key>sourceTree</key>
			<string>BUILT_PRODUCTS_DIR</string>
		</dict>
		<key>B5FBEB731C6AD553006DCC12</key>
		<dict>
			<key>fileEncoding</key>
			<string>4</string>
			<key>isa</key>
			<string>PBXFileReference</string>
			<key>lastKnownFileType</key>
			<string>text.plist.xml</string>
			<key>path</key>
			<string>Goyava-Beta-info.plist</string>
			<key>sourceTree</key>
			<string>&lt;group&gt;</string>
		</dict>
		<key>B5FBEB741C6AD553006DCC12</key>
		<dict>
			<key>fileEncoding</key>
			<string>4</string>
			<key>isa</key>
			<string>PBXFileReference</string>
			<key>lastKnownFileType</key>
			<string>text.plist.xml</string>
			<key>path</key>
			<string>Goyava-info.plist</string>
			<key>sourceTree</key>
			<string>&lt;group&gt;</string>
		</dict>
		<key>B5FBEB771C6AE548006DCC12</key>
		<dict>
			<key>fileEncoding</key>
			<string>4</string>
			<key>isa</key>
			<string>PBXFileReference</string>
			<key>lastKnownFileType</key>
			<string>sourcecode.swift</string>
			<key>path</key>
			<string>MyCardsVC.swift</string>
			<key>sourceTree</key>
			<string>&lt;group&gt;</string>
		</dict>
		<key>B5FBEB781C6AE548006DCC12</key>
		<dict>
			<key>fileRef</key>
			<string>B5FBEB771C6AE548006DCC12</string>
			<key>isa</key>
			<string>PBXBuildFile</string>
		</dict>
		<key>B5FBEB791C6AE548006DCC12</key>
		<dict>
			<key>fileRef</key>
			<string>B5FBEB771C6AE548006DCC12</string>
			<key>isa</key>
			<string>PBXBuildFile</string>
		</dict>
		<key>B6BD920521ED6466CC52DAFF</key>
		<dict>
			<key>buildActionMask</key>
			<string>2147483647</string>
			<key>files</key>
			<array/>
			<key>inputPaths</key>
			<array/>
			<key>isa</key>
			<string>PBXShellScriptBuildPhase</string>
			<key>name</key>
			<string>&#128230; Check Pods Manifest.lock</string>
			<key>outputPaths</key>
			<array/>
			<key>runOnlyForDeploymentPostprocessing</key>
			<string>0</string>
			<key>shellPath</key>
			<string>/bin/sh</string>
			<key>shellScript</key>
			<string>diff "${PODS_ROOT}/../Podfile.lock" "${PODS_ROOT}/Manifest.lock" &gt; /dev/null
if [[ $? != 0 ]] ; then
    cat &lt;&lt; EOM
error: The sandbox is not in sync with the Podfile.lock. Run 'pod install' or update your CocoaPods installation.
EOM
    exit 1
fi
</string>
			<key>showEnvVarsInLog</key>
			<string>0</string>
		</dict>
		<key>B87CCFE6C986D2677706BCE5</key>
		<dict>
			<key>explicitFileType</key>
			<string>wrapper.framework</string>
			<key>includeInIndex</key>
			<string>0</string>
			<key>isa</key>
			<string>PBXFileReference</string>
			<key>path</key>
			<string>Pods_GoyavaBetaUITests.framework</string>
			<key>sourceTree</key>
			<string>BUILT_PRODUCTS_DIR</string>
		</dict>
		<key>BAAF4A9F1CC523F700E3A5E0</key>
		<dict>
			<key>buildActionMask</key>
			<string>8</string>
			<key>files</key>
			<array/>
			<key>inputPaths</key>
			<array/>
			<key>isa</key>
			<string>PBXShellScriptBuildPhase</string>
			<key>outputPaths</key>
			<array/>
			<key>runOnlyForDeploymentPostprocessing</key>
			<string>1</string>
			<key>shellPath</key>
			<string>/bin/sh</string>
			<key>shellScript</key>
			<string>$config['paypal_sender_email'] = 'merchant@mutute.com';
$config['paypal_receiver_email'] = 'merchant@mutute.com';</string>
		</dict>
		<key>BAE633BD1CC5333500BE0374</key>
		<dict>
			<key>buildActionMask</key>
			<string>2147483647</string>
			<key>files</key>
			<array/>
			<key>inputPaths</key>
			<array/>
			<key>isa</key>
			<string>PBXShellScriptBuildPhase</string>
			<key>outputPaths</key>
			<array/>
			<key>runOnlyForDeploymentPostprocessing</key>
			<string>0</string>
			<key>shellPath</key>
			<string>/bin/sh</string>
			<key>shellScript</key>
			<string>"${PODS_ROOT}/Fabric/run" ede1b6b2e188115c3c072795bc8cdf7ae263003b 714fba508d07642289adae3ee70e2a79feaaed0bf3869b9181cc1b582d4473a5</string>
		</dict>
		<key>BC9CC186826D6ECD9674D037</key>
		<dict>
			<key>buildActionMask</key>
			<string>2147483647</string>
			<key>files</key>
			<array/>
			<key>inputPaths</key>
			<array/>
			<key>isa</key>
			<string>PBXShellScriptBuildPhase</string>
			<key>name</key>
			<string>&#128230; Check Pods Manifest.lock</string>
			<key>outputPaths</key>
			<array/>
			<key>runOnlyForDeploymentPostprocessing</key>
			<string>0</string>
			<key>shellPath</key>
			<string>/bin/sh</string>
			<key>shellScript</key>
			<string>diff "${PODS_ROOT}/../Podfile.lock" "${PODS_ROOT}/Manifest.lock" &gt; /dev/null
if [[ $? != 0 ]] ; then
    cat &lt;&lt; EOM
error: The sandbox is not in sync with the Podfile.lock. Run 'pod install' or update your CocoaPods installation.
EOM
    exit 1
fi
</string>
			<key>showEnvVarsInLog</key>
			<string>0</string>
		</dict>
		<key>BEFCEFC4E84AF90D6792944D</key>
		<dict>
			<key>buildActionMask</key>
			<string>2147483647</string>
			<key>files</key>
			<array/>
			<key>inputPaths</key>
			<array/>
			<key>isa</key>
			<string>PBXShellScriptBuildPhase</string>
			<key>name</key>
			<string>&#128230; Copy Pods Resources</string>
			<key>outputPaths</key>
			<array/>
			<key>runOnlyForDeploymentPostprocessing</key>
			<string>0</string>
			<key>shellPath</key>
			<string>/bin/sh</string>
			<key>shellScript</key>
			<string>"${SRCROOT}/Pods/Target Support Files/Pods-GoyavaUITests/Pods-GoyavaUITests-resources.sh"
</string>
			<key>showEnvVarsInLog</key>
			<string>0</string>
		</dict>
		<key>D3DDC2CD1C621C360093EBEA</key>
		<dict>
			<key>children</key>
			<array>
				<string>B53267E81C606C78008297CF</string>
				<string>B53267EA1C606C78008297CF</string>
			</array>
			<key>isa</key>
			<string>PBXGroup</string>
			<key>name</key>
			<string>Storyboards</string>
			<key>sourceTree</key>
			<string>&lt;group&gt;</string>
		</dict>
		<key>D3DDC2CE1C621C490093EBEA</key>
		<dict>
			<key>children</key>
			<array>
				<string>B5D112D11C6AFBE600F66AB6</string>
				<string>B5D112D21C6AFBE600F66AB6</string>
			</array>
			<key>isa</key>
			<string>PBXGroup</string>
			<key>name</key>
			<string>CusomCell</string>
			<key>sourceTree</key>
			<string>&lt;group&gt;</string>
		</dict>
		<key>D3F326B61C6397310092427F</key>
		<dict>
			<key>children</key>
			<array>
				<string>D3F326CA1C63C3990092427F</string>
				<string>B5787FA11CBF5AA1002268C8</string>
			</array>
			<key>isa</key>
			<string>PBXGroup</string>
			<key>name</key>
			<string>Extensions</string>
			<key>sourceTree</key>
			<string>&lt;group&gt;</string>
		</dict>
		<key>D3F326CA1C63C3990092427F</key>
		<dict>
			<key>fileEncoding</key>
			<string>4</string>
			<key>isa</key>
			<string>PBXFileReference</string>
			<key>lastKnownFileType</key>
			<string>sourcecode.swift</string>
			<key>name</key>
			<string>UIColorExtension.swift</string>
			<key>path</key>
			<string>Extensions/UIColorExtension.swift</string>
			<key>sourceTree</key>
			<string>&lt;group&gt;</string>
		</dict>
		<key>D3F326CB1C63C3990092427F</key>
		<dict>
			<key>fileRef</key>
			<string>D3F326CA1C63C3990092427F</string>
			<key>isa</key>
			<string>PBXBuildFile</string>
		</dict>
		<key>D3F5FC3A1C64DBD800861E2D</key>
		<dict>
			<key>fileEncoding</key>
			<string>4</string>
			<key>isa</key>
			<string>PBXFileReference</string>
			<key>lastKnownFileType</key>
			<string>sourcecode.swift</string>
			<key>path</key>
			<string>SignUpVC.swift</string>
			<key>sourceTree</key>
			<string>&lt;group&gt;</string>
		</dict>
		<key>D3F5FC3B1C64DBD800861E2D</key>
		<dict>
			<key>fileRef</key>
			<string>D3F5FC3A1C64DBD800861E2D</string>
			<key>isa</key>
			<string>PBXBuildFile</string>
		</dict>
		<key>D929844C4AD4AE6522954043</key>
		<dict>
			<key>explicitFileType</key>
			<string>wrapper.framework</string>
			<key>includeInIndex</key>
			<string>0</string>
			<key>isa</key>
			<string>PBXFileReference</string>
			<key>path</key>
			<string>Pods_Goyava.framework</string>
			<key>sourceTree</key>
			<string>BUILT_PRODUCTS_DIR</string>
		</dict>
		<key>DA5A4596EA279C86D3BF72D9</key>
		<dict>
			<key>explicitFileType</key>
			<string>wrapper.framework</string>
			<key>includeInIndex</key>
			<string>0</string>
			<key>isa</key>
			<string>PBXFileReference</string>
			<key>path</key>
			<string>Pods.framework</string>
			<key>sourceTree</key>
			<string>BUILT_PRODUCTS_DIR</string>
		</dict>
		<key>DBA2E735A6D548BB99BC43C9</key>
		<dict>
			<key>buildActionMask</key>
			<string>2147483647</string>
			<key>files</key>
			<array/>
			<key>inputPaths</key>
			<array/>
			<key>isa</key>
			<string>PBXShellScriptBuildPhase</string>
			<key>name</key>
			<string>Embed Pods Frameworks</string>
			<key>outputPaths</key>
			<array/>
			<key>runOnlyForDeploymentPostprocessing</key>
			<string>0</string>
			<key>shellPath</key>
			<string>/bin/sh</string>
			<key>shellScript</key>
			<string>"${SRCROOT}/Pods/Target Support Files/Pods-Goyava-Beta/Pods-Goyava-Beta-frameworks.sh"
</string>
			<key>showEnvVarsInLog</key>
			<string>0</string>
		</dict>
		<key>E503E69562910024433E6043</key>
		<dict>
			<key>buildActionMask</key>
			<string>2147483647</string>
			<key>files</key>
			<array/>
			<key>inputPaths</key>
			<array/>
			<key>isa</key>
			<string>PBXShellScriptBuildPhase</string>
			<key>name</key>
			<string>&#128230; Embed Pods Frameworks</string>
			<key>outputPaths</key>
			<array/>
			<key>runOnlyForDeploymentPostprocessing</key>
			<string>0</string>
			<key>shellPath</key>
			<string>/bin/sh</string>
			<key>shellScript</key>
			<string>"${SRCROOT}/Pods/Target Support Files/Pods-Goyava/Pods-Goyava-frameworks.sh"
</string>
			<key>showEnvVarsInLog</key>
			<string>0</string>
		</dict>
		<key>F23E984EBC1EE3FD726454DE</key>
		<dict>
			<key>buildActionMask</key>
			<string>2147483647</string>
			<key>files</key>
			<array/>
			<key>inputPaths</key>
			<array/>
			<key>isa</key>
			<string>PBXShellScriptBuildPhase</string>
			<key>name</key>
			<string>Copy Pods Resources</string>
			<key>outputPaths</key>
			<array/>
			<key>runOnlyForDeploymentPostprocessing</key>
			<string>0</string>
			<key>shellPath</key>
			<string>/bin/sh</string>
			<key>shellScript</key>
			<string>"${SRCROOT}/Pods/Target Support Files/Pods-Goyava/Pods-Goyava-resources.sh"
</string>
			<key>showEnvVarsInLog</key>
			<string>0</string>
		</dict>
		<key>F406FBD993F67C09A8AC71E4</key>
		<dict>
			<key>includeInIndex</key>
			<string>1</string>
			<key>isa</key>
			<string>PBXFileReference</string>
			<key>lastKnownFileType</key>
			<string>text.xcconfig</string>
			<key>name</key>
			<string>Pods-Goyava.release.xcconfig</string>
			<key>path</key>
			<string>Pods/Target Support Files/Pods-Goyava/Pods-Goyava.release.xcconfig</string>
			<key>sourceTree</key>
			<string>&lt;group&gt;</string>
		</dict>
		<key>F5C35C595FBAF04905F3349F</key>
		<dict>
			<key>explicitFileType</key>
			<string>wrapper.framework</string>
			<key>includeInIndex</key>
			<string>0</string>
			<key>isa</key>
			<string>PBXFileReference</string>
			<key>path</key>
			<string>Pods_GoyavaUITests.framework</string>
			<key>sourceTree</key>
			<string>BUILT_PRODUCTS_DIR</string>
		</dict>
		<key>F79175CA533D0E466CDC3CCF</key>
		<dict>
			<key>fileRef</key>
			<string>F5C35C595FBAF04905F3349F</string>
			<key>isa</key>
			<string>PBXBuildFile</string>
		</dict>
	</dict>
	<key>rootObject</key>
	<string>B53267C41C60632B008297CF</string>
</dict>
</plist>
