PODS:
  - AWSCore (2.3.6)
  - AWSMobileAnalytics (2.3.6):
    - AWSCore (= 2.3.6)
  - Crashlytics (3.7.0):
    - Fabric (~> 1.6.3)
  - Fabric (1.6.7)
  - Lookback (1.1.4):
    - PDKTZipArchive
  - LookbackSafe (1.1.4):
    - PDKTZipArchive
  - PDKTZipArchive (0.4.1)
  - Reachability (3.2)
  - Realm (0.98.8):
    - Realm/Headers (= 0.98.8)
  - Realm/Headers (0.98.8)
  - RealmSwift (0.98.8):
    - Realm (= 0.98.8)

DEPENDENCIES:
  - AWSMobileAnalytics
  - Crashlytics
  - Fabric
  - Lookback
  - LookbackSafe
  - Reachability
  - RealmSwift

SPEC CHECKSUMS:
  AWSCore: 917d84b32974136194a905b98c0ae25c9f3350b8
  AWSMobileAnalytics: 56ce9e671640fbd702f8ce52b0f128e525f3e51c
  Crashlytics: c3a2333dea9e2733d2777f730910321fc9e25c0d
  Fabric: caf7580c725e64db144f610ac65cd60956911dc7
  Lookback: 9ab9027ff246d2dc5ce34be483f70e4a6718280b
  LookbackSafe: 3f1271d9a597bbb8ef854784e87c145854e1fbef
  PDKTZipArchive: 22bbab52b49f46a3adf1acf134311fd252c43feb
  Reachability: 33e18b67625424e47b6cde6d202dce689ad7af96
  Realm: 0e293bb62999730599efc3048896bbd4f2e43bcd
  RealmSwift: 064262d38113f23ff3508fb20a0a922e696bec01

PODFILE CHECKSUM: 90263e567f2e4b6fc8a8882232e2241722c03e85

COCOAPODS: 1.0.0.beta.8
